// !$*UTF8*$!
{
	archiveVersion = 1;
	classes = {
	};
	objectVersion = 50;
	objects = {

/* Begin PBXBuildFile section */
		59C7790286B51F4207F12F6E /* libPods-DesignPatternsUITests.a in Frameworks */ = {isa = PBXBuildFile; fileRef = ED71BBFF853A5EDDC746C0C0 /* libPods-DesignPatternsUITests.a */; };
		5F23D5669C0C7C5D12986158 /* libPods-DesignPatternsTests.a in Frameworks */ = {isa = PBXBuildFile; fileRef = A44032339CADF790D1367E67 /* libPods-DesignPatternsTests.a */; };
		B156DD7D22CC53280060F9EC /* DPViewCell.m in Sources */ = {isa = PBXBuildFile; fileRef = B156DD7C22CC53280060F9EC /* DPViewCell.m */; };
		B156DD8022CC533E0060F9EC /* DPModel.m in Sources */ = {isa = PBXBuildFile; fileRef = B156DD7F22CC533E0060F9EC /* DPModel.m */; };
		B156DD8322CC5A3D0060F9EC /* DP01ViewController.m in Sources */ = {isa = PBXBuildFile; fileRef = B156DD8222CC5A3D0060F9EC /* DP01ViewController.m */; };
		B156DD8622CC5A630060F9EC /* DPVCManager.m in Sources */ = {isa = PBXBuildFile; fileRef = B156DD8522CC5A630060F9EC /* DPVCManager.m */; };
		B156DD8922CC5C430060F9EC /* DPBaseViewController.m in Sources */ = {isa = PBXBuildFile; fileRef = B156DD8822CC5C430060F9EC /* DPBaseViewController.m */; };
		B156DD8F22CC8FFD0060F9EC /* DP01Factory.m in Sources */ = {isa = PBXBuildFile; fileRef = B156DD8E22CC8FFD0060F9EC /* DP01Factory.m */; };
		B156DD9322CC90660060F9EC /* DP01Add.m in Sources */ = {isa = PBXBuildFile; fileRef = B156DD9222CC90660060F9EC /* DP01Add.m */; };
		B156DD9622CC90700060F9EC /* DP01Minus.m in Sources */ = {isa = PBXBuildFile; fileRef = B156DD9522CC90700060F9EC /* DP01Minus.m */; };
		B156DD9922CC90820060F9EC /* DP01Multiply.m in Sources */ = {isa = PBXBuildFile; fileRef = B156DD9822CC90820060F9EC /* DP01Multiply.m */; };
		B156DD9C22CC90920060F9EC /* DP01Divide.m in Sources */ = {isa = PBXBuildFile; fileRef = B156DD9B22CC90920060F9EC /* DP01Divide.m */; };
		B156DD9F22CC90D50060F9EC /* DP01Tool.m in Sources */ = {isa = PBXBuildFile; fileRef = B156DD9E22CC90D50060F9EC /* DP01Tool.m */; };
		B156DDA222CDA7B30060F9EC /* DP02ViewController.m in Sources */ = {isa = PBXBuildFile; fileRef = B156DDA122CDA7B30060F9EC /* DP02ViewController.m */; };
		B156DDA622CDCBE10060F9EC /* DPConst.m in Sources */ = {isa = PBXBuildFile; fileRef = B156DDA522CDCBE10060F9EC /* DPConst.m */; };
		B156DDBC22D597A20060F9EC /* DP04ViewController.m in Sources */ = {isa = PBXBuildFile; fileRef = B156DDBB22D597A20060F9EC /* DP04ViewController.m */; };
		B156DDBF22D5B52B0060F9EC /* DP04Proxy.m in Sources */ = {isa = PBXBuildFile; fileRef = B156DDBE22D5B52B0060F9EC /* DP04Proxy.m */; };
		B156DDC222D5B53B0060F9EC /* DP04Girl.m in Sources */ = {isa = PBXBuildFile; fileRef = B156DDC122D5B53B0060F9EC /* DP04Girl.m */; };
		B156DDC522D5B58D0060F9EC /* DP04Pursuit.m in Sources */ = {isa = PBXBuildFile; fileRef = B156DDC422D5B58D0060F9EC /* DP04Pursuit.m */; };
		B156DDCC22D8C0D10060F9EC /* DP05ViewController.m in Sources */ = {isa = PBXBuildFile; fileRef = B156DDCB22D8C0D10060F9EC /* DP05ViewController.m */; };
		B156DDD422D8C1820060F9EC /* DP05OperationAdd.m in Sources */ = {isa = PBXBuildFile; fileRef = B156DDD322D8C1820060F9EC /* DP05OperationAdd.m */; };
		B156DDD722D8C1890060F9EC /* DP05OperationSub.m in Sources */ = {isa = PBXBuildFile; fileRef = B156DDD622D8C1890060F9EC /* DP05OperationSub.m */; };
		B156DDDA22D8C1930060F9EC /* DP05OperationMul.m in Sources */ = {isa = PBXBuildFile; fileRef = B156DDD922D8C1930060F9EC /* DP05OperationMul.m */; };
		B156DDDD22D8C19B0060F9EC /* DP05OperationDiv.m in Sources */ = {isa = PBXBuildFile; fileRef = B156DDDC22D8C19B0060F9EC /* DP05OperationDiv.m */; };
		B156DDE422D8C2040060F9EC /* DP05OperatonAddFactory.m in Sources */ = {isa = PBXBuildFile; fileRef = B156DDE322D8C2040060F9EC /* DP05OperatonAddFactory.m */; };
		B156DDE722D8C20E0060F9EC /* DP05OperatonSubFactory.m in Sources */ = {isa = PBXBuildFile; fileRef = B156DDE622D8C20E0060F9EC /* DP05OperatonSubFactory.m */; };
		B156DDEA22D8C2180060F9EC /* DP05OperatonMulFactory.m in Sources */ = {isa = PBXBuildFile; fileRef = B156DDE922D8C2180060F9EC /* DP05OperatonMulFactory.m */; };
		B156DDED22D8C2310060F9EC /* DP05OperatonDivFactory.m in Sources */ = {isa = PBXBuildFile; fileRef = B156DDEC22D8C2310060F9EC /* DP05OperatonDivFactory.m */; };
		B156DDF122D9BC040060F9EC /* DP24ViewController.m in Sources */ = {isa = PBXBuildFile; fileRef = B156DDF022D9BC040060F9EC /* DP24ViewController.m */; };
		B156DDF522D9BD7F0060F9EC /* Dot.m in Sources */ = {isa = PBXBuildFile; fileRef = B156DDF422D9BD7F0060F9EC /* Dot.m */; };
		B156DDF822D9BD920060F9EC /* Verter.m in Sources */ = {isa = PBXBuildFile; fileRef = B156DDF722D9BD920060F9EC /* Verter.m */; };
		B156DDFD22D9C7D40060F9EC /* UnderGraduate.m in Sources */ = {isa = PBXBuildFile; fileRef = B156DDFC22D9C7D40060F9EC /* UnderGraduate.m */; };
		B156DE0022D9C8C80060F9EC /* Valunteer.m in Sources */ = {isa = PBXBuildFile; fileRef = B156DDFF22D9C8C80060F9EC /* Valunteer.m */; };
		B156DE0622D9C93D0060F9EC /* UnderGraduateFactory.m in Sources */ = {isa = PBXBuildFile; fileRef = B156DE0522D9C93D0060F9EC /* UnderGraduateFactory.m */; };
		B156DE0922D9C94F0060F9EC /* ValunteerFactory.m in Sources */ = {isa = PBXBuildFile; fileRef = B156DE0822D9C94F0060F9EC /* ValunteerFactory.m */; };
		B1B39CF222BB30C400C039B4 /* AppDelegate.m in Sources */ = {isa = PBXBuildFile; fileRef = B1B39CF122BB30C400C039B4 /* AppDelegate.m */; };
		B1B39CF522BB30C400C039B4 /* ViewController.m in Sources */ = {isa = PBXBuildFile; fileRef = B1B39CF422BB30C400C039B4 /* ViewController.m */; };
		B1B39CF822BB30C400C039B4 /* Main.storyboard in Resources */ = {isa = PBXBuildFile; fileRef = B1B39CF622BB30C400C039B4 /* Main.storyboard */; };
		B1B39CFA22BB30C600C039B4 /* Assets.xcassets in Resources */ = {isa = PBXBuildFile; fileRef = B1B39CF922BB30C600C039B4 /* Assets.xcassets */; };
		B1B39CFD22BB30C600C039B4 /* LaunchScreen.storyboard in Resources */ = {isa = PBXBuildFile; fileRef = B1B39CFB22BB30C600C039B4 /* LaunchScreen.storyboard */; };
		B1B39D0022BB30C600C039B4 /* main.m in Sources */ = {isa = PBXBuildFile; fileRef = B1B39CFF22BB30C600C039B4 /* main.m */; };
		B1B39D0A22BB30C600C039B4 /* DesignPatternsTests.m in Sources */ = {isa = PBXBuildFile; fileRef = B1B39D0922BB30C600C039B4 /* DesignPatternsTests.m */; };
		B1B39D1522BB30C600C039B4 /* DesignPatternsUITests.m in Sources */ = {isa = PBXBuildFile; fileRef = B1B39D1422BB30C600C039B4 /* DesignPatternsUITests.m */; };
		B1B39D5222BB399900C039B4 /* 抽象工厂模式.png in Resources */ = {isa = PBXBuildFile; fileRef = B1B39D2322BB399700C039B4 /* 抽象工厂模式.png */; };
		B1B39D5322BB399900C039B4 /* 装饰模式.jpg in Resources */ = {isa = PBXBuildFile; fileRef = B1B39D2522BB399700C039B4 /* 装饰模式.jpg */; };
		B1B39D5422BB399900C039B4 /* 代理模式.png in Resources */ = {isa = PBXBuildFile; fileRef = B1B39D2722BB399700C039B4 /* 代理模式.png */; };
		B1B39D5522BB399900C039B4 /* 迭代器模式.png in Resources */ = {isa = PBXBuildFile; fileRef = B1B39D2922BB399700C039B4 /* 迭代器模式.png */; };
		B1B39D5622BB399900C039B4 /* 命令模式.png in Resources */ = {isa = PBXBuildFile; fileRef = B1B39D2B22BB399800C039B4 /* 命令模式.png */; };
		B1B39D5722BB399900C039B4 /* 状态模式.png in Resources */ = {isa = PBXBuildFile; fileRef = B1B39D2D22BB399800C039B4 /* 状态模式.png */; };
		B1B39D5822BB399900C039B4 /* 策略模式.png in Resources */ = {isa = PBXBuildFile; fileRef = B1B39D2F22BB399800C039B4 /* 策略模式.png */; };
		B1B39D5922BB399900C039B4 /* 建造者模式.png in Resources */ = {isa = PBXBuildFile; fileRef = B1B39D3122BB399800C039B4 /* 建造者模式.png */; };
		B1B39D5A22BB399900C039B4 /* 工厂方法模式.png in Resources */ = {isa = PBXBuildFile; fileRef = B1B39D3322BB399800C039B4 /* 工厂方法模式.png */; };
		B1B39D5B22BB399900C039B4 /* 观察者模式.png in Resources */ = {isa = PBXBuildFile; fileRef = B1B39D3522BB399800C039B4 /* 观察者模式.png */; };
		B1B39D5C22BB399900C039B4 /* 备忘录模式.png in Resources */ = {isa = PBXBuildFile; fileRef = B1B39D3722BB399800C039B4 /* 备忘录模式.png */; };
		B1B39D5D22BB399900C039B4 /* 责任链模式.png in Resources */ = {isa = PBXBuildFile; fileRef = B1B39D3922BB399800C039B4 /* 责任链模式.png */; };
		B1B39D5E22BB399900C039B4 /* 组合模式.png in Resources */ = {isa = PBXBuildFile; fileRef = B1B39D3B22BB399800C039B4 /* 组合模式.png */; };
		B1B39D5F22BB399900C039B4 /* 中介者模式.png in Resources */ = {isa = PBXBuildFile; fileRef = B1B39D3D22BB399800C039B4 /* 中介者模式.png */; };
		B1B39D6022BB399900C039B4 /* 解释器模式.png in Resources */ = {isa = PBXBuildFile; fileRef = B1B39D3F22BB399800C039B4 /* 解释器模式.png */; };
		B1B39D6122BB399900C039B4 /* 享元模式.png in Resources */ = {isa = PBXBuildFile; fileRef = B1B39D4122BB399800C039B4 /* 享元模式.png */; };
		B1B39D6222BB399900C039B4 /* 访问者模式.png in Resources */ = {isa = PBXBuildFile; fileRef = B1B39D4322BB399800C039B4 /* 访问者模式.png */; };
		B1B39D6322BB399900C039B4 /* 模板方法模式.png in Resources */ = {isa = PBXBuildFile; fileRef = B1B39D4522BB399800C039B4 /* 模板方法模式.png */; };
		B1B39D6422BB399900C039B4 /* 外观模式.png in Resources */ = {isa = PBXBuildFile; fileRef = B1B39D4722BB399800C039B4 /* 外观模式.png */; };
		B1B39D6522BB399900C039B4 /* 简单工厂模式.png in Resources */ = {isa = PBXBuildFile; fileRef = B1B39D4922BB399800C039B4 /* 简单工厂模式.png */; };
		B1B39D6622BB399900C039B4 /* 单列模式.png in Resources */ = {isa = PBXBuildFile; fileRef = B1B39D4B22BB399800C039B4 /* 单列模式.png */; };
		B1B39D6722BB399900C039B4 /* 桥接模式.png in Resources */ = {isa = PBXBuildFile; fileRef = B1B39D4D22BB399800C039B4 /* 桥接模式.png */; };
		B1B39D6822BB399900C039B4 /* 原型模式.png in Resources */ = {isa = PBXBuildFile; fileRef = B1B39D4F22BB399900C039B4 /* 原型模式.png */; };
		B1B39D6922BB399900C039B4 /* 适配器模式.png in Resources */ = {isa = PBXBuildFile; fileRef = B1B39D5122BB399900C039B4 /* 适配器模式.png */; };
		C7DF74998A2F94388C7E6218 /* libPods-DesignPatterns.a in Frameworks */ = {isa = PBXBuildFile; fileRef = 9933B239670A536912F40CDC /* libPods-DesignPatterns.a */; };
		DB920A0722D2404A00A83EBB /* DP03ViewController.m in Sources */ = {isa = PBXBuildFile; fileRef = DB920A0622D2404A00A83EBB /* DP03ViewController.m */; };
		DB920A0A22D2488F00A83EBB /* DP03Component.m in Sources */ = {isa = PBXBuildFile; fileRef = DB920A0922D2488F00A83EBB /* DP03Component.m */; };
		DB920A0D22D248AC00A83EBB /* DP03ConcreteComponent.m in Sources */ = {isa = PBXBuildFile; fileRef = DB920A0C22D248AC00A83EBB /* DP03ConcreteComponent.m */; };
		DB920A1022D248C100A83EBB /* DP03Decorator.m in Sources */ = {isa = PBXBuildFile; fileRef = DB920A0F22D248C100A83EBB /* DP03Decorator.m */; };
		DB920A1322D248DF00A83EBB /* DP03ConcreteDecorator.m in Sources */ = {isa = PBXBuildFile; fileRef = DB920A1222D248DF00A83EBB /* DP03ConcreteDecorator.m */; };
		DB920A1622D2490900A83EBB /* DP03ConcreteDecoratorB.m in Sources */ = {isa = PBXBuildFile; fileRef = DB920A1522D2490900A83EBB /* DP03ConcreteDecoratorB.m */; };
		DB920A1D22D24C9D00A83EBB /* DP03Person.m in Sources */ = {isa = PBXBuildFile; fileRef = DB920A1C22D24C9D00A83EBB /* DP03Person.m */; };
		DB920A2022D24D0700A83EBB /* DP03PersonDecorator.m in Sources */ = {isa = PBXBuildFile; fileRef = DB920A1F22D24D0700A83EBB /* DP03PersonDecorator.m */; };
		DB920A2322D24D3E00A83EBB /* DP03Tshirts.m in Sources */ = {isa = PBXBuildFile; fileRef = DB920A2222D24D3E00A83EBB /* DP03Tshirts.m */; };
		DB920A2622D24D5000A83EBB /* DP03BigTrouser.m in Sources */ = {isa = PBXBuildFile; fileRef = DB920A2522D24D5000A83EBB /* DP03BigTrouser.m */; };
		DB920A2922D24D6000A83EBB /* DP03Sneakers.m in Sources */ = {isa = PBXBuildFile; fileRef = DB920A2822D24D6000A83EBB /* DP03Sneakers.m */; };
		DB920A2C22D24D7500A83EBB /* DP03LeatherShoes.m in Sources */ = {isa = PBXBuildFile; fileRef = DB920A2B22D24D7500A83EBB /* DP03LeatherShoes.m */; };
		DBAA000222D037E60021148C /* DP02CashReturn.m in Sources */ = {isa = PBXBuildFile; fileRef = DBAA000122D037E60021148C /* DP02CashReturn.m */; };
		DBAA000522D037F30021148C /* DP02CashRebate.m in Sources */ = {isa = PBXBuildFile; fileRef = DBAA000422D037F30021148C /* DP02CashRebate.m */; };
		DBAA000822D037FD0021148C /* DP02CashNormal.m in Sources */ = {isa = PBXBuildFile; fileRef = DBAA000722D037FD0021148C /* DP02CashNormal.m */; };
		DBAA000B22D03BD40021148C /* DP02CashFactory.m in Sources */ = {isa = PBXBuildFile; fileRef = DBAA000A22D03BD40021148C /* DP02CashFactory.m */; };
		DBAA000E22D04ADB0021148C /* DP02Context.m in Sources */ = {isa = PBXBuildFile; fileRef = DBAA000D22D04ADB0021148C /* DP02Context.m */; };
/* End PBXBuildFile section */

/* Begin PBXContainerItemProxy section */
		B1B39D0622BB30C600C039B4 /* PBXContainerItemProxy */ = {
			isa = PBXContainerItemProxy;
			containerPortal = B1B39CE522BB30C400C039B4 /* Project object */;
			proxyType = 1;
			remoteGlobalIDString = B1B39CEC22BB30C400C039B4;
			remoteInfo = DesignPatterns;
		};
		B1B39D1122BB30C600C039B4 /* PBXContainerItemProxy */ = {
			isa = PBXContainerItemProxy;
			containerPortal = B1B39CE522BB30C400C039B4 /* Project object */;
			proxyType = 1;
			remoteGlobalIDString = B1B39CEC22BB30C400C039B4;
			remoteInfo = DesignPatterns;
		};
/* End PBXContainerItemProxy section */

/* Begin PBXFileReference section */
		157C16F349906C59FECE3499 /* Pods-DesignPatternsUITests.debug.xcconfig */ = {isa = PBXFileReference; includeInIndex = 1; lastKnownFileType = text.xcconfig; name = "Pods-DesignPatternsUITests.debug.xcconfig"; path = "Pods/Target Support Files/Pods-DesignPatternsUITests/Pods-DesignPatternsUITests.debug.xcconfig"; sourceTree = "<group>"; };
		3AC213EA338CCA55EE2CB078 /* Pods-DesignPatterns.release.xcconfig */ = {isa = PBXFileReference; includeInIndex = 1; lastKnownFileType = text.xcconfig; name = "Pods-DesignPatterns.release.xcconfig"; path = "Pods/Target Support Files/Pods-DesignPatterns/Pods-DesignPatterns.release.xcconfig"; sourceTree = "<group>"; };
		94CDD78310C5466E02C4F935 /* Pods-DesignPatterns.debug.xcconfig */ = {isa = PBXFileReference; includeInIndex = 1; lastKnownFileType = text.xcconfig; name = "Pods-DesignPatterns.debug.xcconfig"; path = "Pods/Target Support Files/Pods-DesignPatterns/Pods-DesignPatterns.debug.xcconfig"; sourceTree = "<group>"; };
		9933B239670A536912F40CDC /* libPods-DesignPatterns.a */ = {isa = PBXFileReference; explicitFileType = archive.ar; includeInIndex = 0; path = "libPods-DesignPatterns.a"; sourceTree = BUILT_PRODUCTS_DIR; };
		A44032339CADF790D1367E67 /* libPods-DesignPatternsTests.a */ = {isa = PBXFileReference; explicitFileType = archive.ar; includeInIndex = 0; path = "libPods-DesignPatternsTests.a"; sourceTree = BUILT_PRODUCTS_DIR; };
		A787EBC1BE7A592B4479355A /* Pods-DesignPatternsTests.release.xcconfig */ = {isa = PBXFileReference; includeInIndex = 1; lastKnownFileType = text.xcconfig; name = "Pods-DesignPatternsTests.release.xcconfig"; path = "Pods/Target Support Files/Pods-DesignPatternsTests/Pods-DesignPatternsTests.release.xcconfig"; sourceTree = "<group>"; };
		A809694171CBFC8CFE2BD0C6 /* Pods-DesignPatternsTests.debug.xcconfig */ = {isa = PBXFileReference; includeInIndex = 1; lastKnownFileType = text.xcconfig; name = "Pods-DesignPatternsTests.debug.xcconfig"; path = "Pods/Target Support Files/Pods-DesignPatternsTests/Pods-DesignPatternsTests.debug.xcconfig"; sourceTree = "<group>"; };
		B156DD7A22CC50AB0060F9EC /* DesignPattern.pch */ = {isa = PBXFileReference; lastKnownFileType = sourcecode.c.h; path = DesignPattern.pch; sourceTree = "<group>"; };
		B156DD7B22CC53280060F9EC /* DPViewCell.h */ = {isa = PBXFileReference; lastKnownFileType = sourcecode.c.h; path = DPViewCell.h; sourceTree = "<group>"; };
		B156DD7C22CC53280060F9EC /* DPViewCell.m */ = {isa = PBXFileReference; lastKnownFileType = sourcecode.c.objc; path = DPViewCell.m; sourceTree = "<group>"; };
		B156DD7E22CC533E0060F9EC /* DPModel.h */ = {isa = PBXFileReference; lastKnownFileType = sourcecode.c.h; path = DPModel.h; sourceTree = "<group>"; };
		B156DD7F22CC533E0060F9EC /* DPModel.m */ = {isa = PBXFileReference; lastKnownFileType = sourcecode.c.objc; path = DPModel.m; sourceTree = "<group>"; };
		B156DD8122CC5A3D0060F9EC /* DP01ViewController.h */ = {isa = PBXFileReference; lastKnownFileType = sourcecode.c.h; path = DP01ViewController.h; sourceTree = "<group>"; };
		B156DD8222CC5A3D0060F9EC /* DP01ViewController.m */ = {isa = PBXFileReference; lastKnownFileType = sourcecode.c.objc; path = DP01ViewController.m; sourceTree = "<group>"; };
		B156DD8422CC5A630060F9EC /* DPVCManager.h */ = {isa = PBXFileReference; lastKnownFileType = sourcecode.c.h; path = DPVCManager.h; sourceTree = "<group>"; };
		B156DD8522CC5A630060F9EC /* DPVCManager.m */ = {isa = PBXFileReference; lastKnownFileType = sourcecode.c.objc; path = DPVCManager.m; sourceTree = "<group>"; };
		B156DD8722CC5C430060F9EC /* DPBaseViewController.h */ = {isa = PBXFileReference; lastKnownFileType = sourcecode.c.h; path = DPBaseViewController.h; sourceTree = "<group>"; };
		B156DD8822CC5C430060F9EC /* DPBaseViewController.m */ = {isa = PBXFileReference; lastKnownFileType = sourcecode.c.objc; path = DPBaseViewController.m; sourceTree = "<group>"; };
		B156DD8D22CC8FFD0060F9EC /* DP01Factory.h */ = {isa = PBXFileReference; lastKnownFileType = sourcecode.c.h; path = DP01Factory.h; sourceTree = "<group>"; };
		B156DD8E22CC8FFD0060F9EC /* DP01Factory.m */ = {isa = PBXFileReference; lastKnownFileType = sourcecode.c.objc; path = DP01Factory.m; sourceTree = "<group>"; };
		B156DD9022CC90410060F9EC /* DP01Caculate.h */ = {isa = PBXFileReference; lastKnownFileType = sourcecode.c.h; path = DP01Caculate.h; sourceTree = "<group>"; };
		B156DD9122CC90660060F9EC /* DP01Add.h */ = {isa = PBXFileReference; lastKnownFileType = sourcecode.c.h; path = DP01Add.h; sourceTree = "<group>"; };
		B156DD9222CC90660060F9EC /* DP01Add.m */ = {isa = PBXFileReference; lastKnownFileType = sourcecode.c.objc; path = DP01Add.m; sourceTree = "<group>"; };
		B156DD9422CC90700060F9EC /* DP01Minus.h */ = {isa = PBXFileReference; lastKnownFileType = sourcecode.c.h; path = DP01Minus.h; sourceTree = "<group>"; };
		B156DD9522CC90700060F9EC /* DP01Minus.m */ = {isa = PBXFileReference; lastKnownFileType = sourcecode.c.objc; path = DP01Minus.m; sourceTree = "<group>"; };
		B156DD9722CC90820060F9EC /* DP01Multiply.h */ = {isa = PBXFileReference; lastKnownFileType = sourcecode.c.h; path = DP01Multiply.h; sourceTree = "<group>"; };
		B156DD9822CC90820060F9EC /* DP01Multiply.m */ = {isa = PBXFileReference; lastKnownFileType = sourcecode.c.objc; path = DP01Multiply.m; sourceTree = "<group>"; };
		B156DD9A22CC90920060F9EC /* DP01Divide.h */ = {isa = PBXFileReference; lastKnownFileType = sourcecode.c.h; path = DP01Divide.h; sourceTree = "<group>"; };
		B156DD9B22CC90920060F9EC /* DP01Divide.m */ = {isa = PBXFileReference; lastKnownFileType = sourcecode.c.objc; path = DP01Divide.m; sourceTree = "<group>"; };
		B156DD9D22CC90D50060F9EC /* DP01Tool.h */ = {isa = PBXFileReference; lastKnownFileType = sourcecode.c.h; path = DP01Tool.h; sourceTree = "<group>"; };
		B156DD9E22CC90D50060F9EC /* DP01Tool.m */ = {isa = PBXFileReference; lastKnownFileType = sourcecode.c.objc; path = DP01Tool.m; sourceTree = "<group>"; };
		B156DDA022CDA7B30060F9EC /* DP02ViewController.h */ = {isa = PBXFileReference; lastKnownFileType = sourcecode.c.h; path = DP02ViewController.h; sourceTree = "<group>"; };
		B156DDA122CDA7B30060F9EC /* DP02ViewController.m */ = {isa = PBXFileReference; lastKnownFileType = sourcecode.c.objc; path = DP02ViewController.m; sourceTree = "<group>"; };
		B156DDA422CDCBE10060F9EC /* DPConst.h */ = {isa = PBXFileReference; lastKnownFileType = sourcecode.c.h; path = DPConst.h; sourceTree = "<group>"; };
		B156DDA522CDCBE10060F9EC /* DPConst.m */ = {isa = PBXFileReference; lastKnownFileType = sourcecode.c.objc; path = DPConst.m; sourceTree = "<group>"; };
		B156DDBA22D597A20060F9EC /* DP04ViewController.h */ = {isa = PBXFileReference; lastKnownFileType = sourcecode.c.h; path = DP04ViewController.h; sourceTree = "<group>"; };
		B156DDBB22D597A20060F9EC /* DP04ViewController.m */ = {isa = PBXFileReference; lastKnownFileType = sourcecode.c.objc; path = DP04ViewController.m; sourceTree = "<group>"; };
		B156DDBD22D5B52B0060F9EC /* DP04Proxy.h */ = {isa = PBXFileReference; lastKnownFileType = sourcecode.c.h; path = DP04Proxy.h; sourceTree = "<group>"; };
		B156DDBE22D5B52B0060F9EC /* DP04Proxy.m */ = {isa = PBXFileReference; lastKnownFileType = sourcecode.c.objc; path = DP04Proxy.m; sourceTree = "<group>"; };
		B156DDC022D5B53B0060F9EC /* DP04Girl.h */ = {isa = PBXFileReference; lastKnownFileType = sourcecode.c.h; path = DP04Girl.h; sourceTree = "<group>"; };
		B156DDC122D5B53B0060F9EC /* DP04Girl.m */ = {isa = PBXFileReference; lastKnownFileType = sourcecode.c.objc; path = DP04Girl.m; sourceTree = "<group>"; };
		B156DDC322D5B58D0060F9EC /* DP04Pursuit.h */ = {isa = PBXFileReference; lastKnownFileType = sourcecode.c.h; path = DP04Pursuit.h; sourceTree = "<group>"; };
		B156DDC422D5B58D0060F9EC /* DP04Pursuit.m */ = {isa = PBXFileReference; lastKnownFileType = sourcecode.c.objc; path = DP04Pursuit.m; sourceTree = "<group>"; };
		B156DDC622D5B5D80060F9EC /* DP04Base.h */ = {isa = PBXFileReference; lastKnownFileType = sourcecode.c.h; path = DP04Base.h; sourceTree = "<group>"; };
		B156DDCA22D8C0D10060F9EC /* DP05ViewController.h */ = {isa = PBXFileReference; lastKnownFileType = sourcecode.c.h; path = DP05ViewController.h; sourceTree = "<group>"; };
		B156DDCB22D8C0D10060F9EC /* DP05ViewController.m */ = {isa = PBXFileReference; lastKnownFileType = sourcecode.c.objc; path = DP05ViewController.m; sourceTree = "<group>"; };
		B156DDCE22D8C1460060F9EC /* DP05OperationBase.h */ = {isa = PBXFileReference; lastKnownFileType = sourcecode.c.h; path = DP05OperationBase.h; sourceTree = "<group>"; };
		B156DDD222D8C1820060F9EC /* DP05OperationAdd.h */ = {isa = PBXFileReference; lastKnownFileType = sourcecode.c.h; path = DP05OperationAdd.h; sourceTree = "<group>"; };
		B156DDD322D8C1820060F9EC /* DP05OperationAdd.m */ = {isa = PBXFileReference; lastKnownFileType = sourcecode.c.objc; path = DP05OperationAdd.m; sourceTree = "<group>"; };
		B156DDD522D8C1890060F9EC /* DP05OperationSub.h */ = {isa = PBXFileReference; lastKnownFileType = sourcecode.c.h; path = DP05OperationSub.h; sourceTree = "<group>"; };
		B156DDD622D8C1890060F9EC /* DP05OperationSub.m */ = {isa = PBXFileReference; lastKnownFileType = sourcecode.c.objc; path = DP05OperationSub.m; sourceTree = "<group>"; };
		B156DDD822D8C1930060F9EC /* DP05OperationMul.h */ = {isa = PBXFileReference; lastKnownFileType = sourcecode.c.h; path = DP05OperationMul.h; sourceTree = "<group>"; };
		B156DDD922D8C1930060F9EC /* DP05OperationMul.m */ = {isa = PBXFileReference; lastKnownFileType = sourcecode.c.objc; path = DP05OperationMul.m; sourceTree = "<group>"; };
		B156DDDB22D8C19B0060F9EC /* DP05OperationDiv.h */ = {isa = PBXFileReference; lastKnownFileType = sourcecode.c.h; path = DP05OperationDiv.h; sourceTree = "<group>"; };
		B156DDDC22D8C19B0060F9EC /* DP05OperationDiv.m */ = {isa = PBXFileReference; lastKnownFileType = sourcecode.c.objc; path = DP05OperationDiv.m; sourceTree = "<group>"; };
		B156DDE122D8C1D70060F9EC /* DP05OperationFactoryBase.h */ = {isa = PBXFileReference; lastKnownFileType = sourcecode.c.h; path = DP05OperationFactoryBase.h; sourceTree = "<group>"; };
		B156DDE222D8C2040060F9EC /* DP05OperatonAddFactory.h */ = {isa = PBXFileReference; lastKnownFileType = sourcecode.c.h; path = DP05OperatonAddFactory.h; sourceTree = "<group>"; };
		B156DDE322D8C2040060F9EC /* DP05OperatonAddFactory.m */ = {isa = PBXFileReference; lastKnownFileType = sourcecode.c.objc; path = DP05OperatonAddFactory.m; sourceTree = "<group>"; };
		B156DDE522D8C20E0060F9EC /* DP05OperatonSubFactory.h */ = {isa = PBXFileReference; lastKnownFileType = sourcecode.c.h; path = DP05OperatonSubFactory.h; sourceTree = "<group>"; };
		B156DDE622D8C20E0060F9EC /* DP05OperatonSubFactory.m */ = {isa = PBXFileReference; lastKnownFileType = sourcecode.c.objc; path = DP05OperatonSubFactory.m; sourceTree = "<group>"; };
		B156DDE822D8C2180060F9EC /* DP05OperatonMulFactory.h */ = {isa = PBXFileReference; lastKnownFileType = sourcecode.c.h; path = DP05OperatonMulFactory.h; sourceTree = "<group>"; };
		B156DDE922D8C2180060F9EC /* DP05OperatonMulFactory.m */ = {isa = PBXFileReference; lastKnownFileType = sourcecode.c.objc; path = DP05OperatonMulFactory.m; sourceTree = "<group>"; };
		B156DDEB22D8C2310060F9EC /* DP05OperatonDivFactory.h */ = {isa = PBXFileReference; lastKnownFileType = sourcecode.c.h; path = DP05OperatonDivFactory.h; sourceTree = "<group>"; };
		B156DDEC22D8C2310060F9EC /* DP05OperatonDivFactory.m */ = {isa = PBXFileReference; lastKnownFileType = sourcecode.c.objc; path = DP05OperatonDivFactory.m; sourceTree = "<group>"; };
		B156DDEF22D9BC040060F9EC /* DP24ViewController.h */ = {isa = PBXFileReference; lastKnownFileType = sourcecode.c.h; path = DP24ViewController.h; sourceTree = "<group>"; };
		B156DDF022D9BC040060F9EC /* DP24ViewController.m */ = {isa = PBXFileReference; lastKnownFileType = sourcecode.c.objc; path = DP24ViewController.m; sourceTree = "<group>"; };
		B156DDF222D9BC390060F9EC /* Mark.h */ = {isa = PBXFileReference; lastKnownFileType = sourcecode.c.h; path = Mark.h; sourceTree = "<group>"; };
		B156DDF322D9BD7F0060F9EC /* Dot.h */ = {isa = PBXFileReference; lastKnownFileType = sourcecode.c.h; path = Dot.h; sourceTree = "<group>"; };
		B156DDF422D9BD7F0060F9EC /* Dot.m */ = {isa = PBXFileReference; lastKnownFileType = sourcecode.c.objc; path = Dot.m; sourceTree = "<group>"; };
		B156DDF622D9BD920060F9EC /* Verter.h */ = {isa = PBXFileReference; lastKnownFileType = sourcecode.c.h; path = Verter.h; sourceTree = "<group>"; };
		B156DDF722D9BD920060F9EC /* Verter.m */ = {isa = PBXFileReference; lastKnownFileType = sourcecode.c.objc; path = Verter.m; sourceTree = "<group>"; };
		B156DDFA22D9C7730060F9EC /* LeiFengProtocol.h */ = {isa = PBXFileReference; lastKnownFileType = sourcecode.c.h; path = LeiFengProtocol.h; sourceTree = "<group>"; };
		B156DDFB22D9C7D40060F9EC /* UnderGraduate.h */ = {isa = PBXFileReference; lastKnownFileType = sourcecode.c.h; path = UnderGraduate.h; sourceTree = "<group>"; };
		B156DDFC22D9C7D40060F9EC /* UnderGraduate.m */ = {isa = PBXFileReference; lastKnownFileType = sourcecode.c.objc; path = UnderGraduate.m; sourceTree = "<group>"; };
		B156DDFE22D9C8C80060F9EC /* Valunteer.h */ = {isa = PBXFileReference; lastKnownFileType = sourcecode.c.h; path = Valunteer.h; sourceTree = "<group>"; };
		B156DDFF22D9C8C80060F9EC /* Valunteer.m */ = {isa = PBXFileReference; lastKnownFileType = sourcecode.c.objc; path = Valunteer.m; sourceTree = "<group>"; };
		B156DE0422D9C93D0060F9EC /* UnderGraduateFactory.h */ = {isa = PBXFileReference; lastKnownFileType = sourcecode.c.h; path = UnderGraduateFactory.h; sourceTree = "<group>"; };
		B156DE0522D9C93D0060F9EC /* UnderGraduateFactory.m */ = {isa = PBXFileReference; lastKnownFileType = sourcecode.c.objc; path = UnderGraduateFactory.m; sourceTree = "<group>"; };
		B156DE0722D9C94F0060F9EC /* ValunteerFactory.h */ = {isa = PBXFileReference; lastKnownFileType = sourcecode.c.h; path = ValunteerFactory.h; sourceTree = "<group>"; };
		B156DE0822D9C94F0060F9EC /* ValunteerFactory.m */ = {isa = PBXFileReference; lastKnownFileType = sourcecode.c.objc; path = ValunteerFactory.m; sourceTree = "<group>"; };
		B156DE0A22D9C9930060F9EC /* LeiFengFactoryProtocol.h */ = {isa = PBXFileReference; lastKnownFileType = sourcecode.c.h; path = LeiFengFactoryProtocol.h; sourceTree = "<group>"; };
		B1B39CED22BB30C400C039B4 /* DesignPatterns.app */ = {isa = PBXFileReference; explicitFileType = wrapper.application; includeInIndex = 0; path = DesignPatterns.app; sourceTree = BUILT_PRODUCTS_DIR; };
		B1B39CF022BB30C400C039B4 /* AppDelegate.h */ = {isa = PBXFileReference; lastKnownFileType = sourcecode.c.h; path = AppDelegate.h; sourceTree = "<group>"; };
		B1B39CF122BB30C400C039B4 /* AppDelegate.m */ = {isa = PBXFileReference; lastKnownFileType = sourcecode.c.objc; path = AppDelegate.m; sourceTree = "<group>"; };
		B1B39CF322BB30C400C039B4 /* ViewController.h */ = {isa = PBXFileReference; lastKnownFileType = sourcecode.c.h; path = ViewController.h; sourceTree = "<group>"; };
		B1B39CF422BB30C400C039B4 /* ViewController.m */ = {isa = PBXFileReference; lastKnownFileType = sourcecode.c.objc; path = ViewController.m; sourceTree = "<group>"; };
		B1B39CF722BB30C400C039B4 /* Base */ = {isa = PBXFileReference; lastKnownFileType = file.storyboard; name = Base; path = Base.lproj/Main.storyboard; sourceTree = "<group>"; };
		B1B39CF922BB30C600C039B4 /* Assets.xcassets */ = {isa = PBXFileReference; lastKnownFileType = folder.assetcatalog; path = Assets.xcassets; sourceTree = "<group>"; };
		B1B39CFC22BB30C600C039B4 /* Base */ = {isa = PBXFileReference; lastKnownFileType = file.storyboard; name = Base; path = Base.lproj/LaunchScreen.storyboard; sourceTree = "<group>"; };
		B1B39CFE22BB30C600C039B4 /* Info.plist */ = {isa = PBXFileReference; lastKnownFileType = text.plist.xml; path = Info.plist; sourceTree = "<group>"; };
		B1B39CFF22BB30C600C039B4 /* main.m */ = {isa = PBXFileReference; lastKnownFileType = sourcecode.c.objc; path = main.m; sourceTree = "<group>"; };
		B1B39D0522BB30C600C039B4 /* DesignPatternsTests.xctest */ = {isa = PBXFileReference; explicitFileType = wrapper.cfbundle; includeInIndex = 0; path = DesignPatternsTests.xctest; sourceTree = BUILT_PRODUCTS_DIR; };
		B1B39D0922BB30C600C039B4 /* DesignPatternsTests.m */ = {isa = PBXFileReference; lastKnownFileType = sourcecode.c.objc; path = DesignPatternsTests.m; sourceTree = "<group>"; };
		B1B39D0B22BB30C600C039B4 /* Info.plist */ = {isa = PBXFileReference; lastKnownFileType = text.plist.xml; path = Info.plist; sourceTree = "<group>"; };
		B1B39D1022BB30C600C039B4 /* DesignPatternsUITests.xctest */ = {isa = PBXFileReference; explicitFileType = wrapper.cfbundle; includeInIndex = 0; path = DesignPatternsUITests.xctest; sourceTree = BUILT_PRODUCTS_DIR; };
		B1B39D1422BB30C600C039B4 /* DesignPatternsUITests.m */ = {isa = PBXFileReference; lastKnownFileType = sourcecode.c.objc; path = DesignPatternsUITests.m; sourceTree = "<group>"; };
		B1B39D1622BB30C600C039B4 /* Info.plist */ = {isa = PBXFileReference; lastKnownFileType = text.plist.xml; path = Info.plist; sourceTree = "<group>"; };
		B1B39D2322BB399700C039B4 /* 抽象工厂模式.png */ = {isa = PBXFileReference; lastKnownFileType = image.png; path = "抽象工厂模式.png"; sourceTree = "<group>"; };
		B1B39D2522BB399700C039B4 /* 装饰模式.jpg */ = {isa = PBXFileReference; lastKnownFileType = image.jpeg; path = "装饰模式.jpg"; sourceTree = "<group>"; };
		B1B39D2722BB399700C039B4 /* 代理模式.png */ = {isa = PBXFileReference; lastKnownFileType = image.png; path = "代理模式.png"; sourceTree = "<group>"; };
		B1B39D2922BB399700C039B4 /* 迭代器模式.png */ = {isa = PBXFileReference; lastKnownFileType = image.png; path = "迭代器模式.png"; sourceTree = "<group>"; };
		B1B39D2B22BB399800C039B4 /* 命令模式.png */ = {isa = PBXFileReference; lastKnownFileType = image.png; path = "命令模式.png"; sourceTree = "<group>"; };
		B1B39D2D22BB399800C039B4 /* 状态模式.png */ = {isa = PBXFileReference; lastKnownFileType = image.png; path = "状态模式.png"; sourceTree = "<group>"; };
		B1B39D2F22BB399800C039B4 /* 策略模式.png */ = {isa = PBXFileReference; lastKnownFileType = image.png; path = "策略模式.png"; sourceTree = "<group>"; };
		B1B39D3122BB399800C039B4 /* 建造者模式.png */ = {isa = PBXFileReference; lastKnownFileType = image.png; path = "建造者模式.png"; sourceTree = "<group>"; };
		B1B39D3322BB399800C039B4 /* 工厂方法模式.png */ = {isa = PBXFileReference; lastKnownFileType = image.png; path = "工厂方法模式.png"; sourceTree = "<group>"; };
		B1B39D3522BB399800C039B4 /* 观察者模式.png */ = {isa = PBXFileReference; lastKnownFileType = image.png; path = "观察者模式.png"; sourceTree = "<group>"; };
		B1B39D3722BB399800C039B4 /* 备忘录模式.png */ = {isa = PBXFileReference; lastKnownFileType = image.png; path = "备忘录模式.png"; sourceTree = "<group>"; };
		B1B39D3922BB399800C039B4 /* 责任链模式.png */ = {isa = PBXFileReference; lastKnownFileType = image.png; path = "责任链模式.png"; sourceTree = "<group>"; };
		B1B39D3B22BB399800C039B4 /* 组合模式.png */ = {isa = PBXFileReference; lastKnownFileType = image.png; path = "组合模式.png"; sourceTree = "<group>"; };
		B1B39D3D22BB399800C039B4 /* 中介者模式.png */ = {isa = PBXFileReference; lastKnownFileType = image.png; path = "中介者模式.png"; sourceTree = "<group>"; };
		B1B39D3F22BB399800C039B4 /* 解释器模式.png */ = {isa = PBXFileReference; lastKnownFileType = image.png; path = "解释器模式.png"; sourceTree = "<group>"; };
		B1B39D4122BB399800C039B4 /* 享元模式.png */ = {isa = PBXFileReference; lastKnownFileType = image.png; path = "享元模式.png"; sourceTree = "<group>"; };
		B1B39D4322BB399800C039B4 /* 访问者模式.png */ = {isa = PBXFileReference; lastKnownFileType = image.png; path = "访问者模式.png"; sourceTree = "<group>"; };
		B1B39D4522BB399800C039B4 /* 模板方法模式.png */ = {isa = PBXFileReference; lastKnownFileType = image.png; path = "模板方法模式.png"; sourceTree = "<group>"; };
		B1B39D4722BB399800C039B4 /* 外观模式.png */ = {isa = PBXFileReference; lastKnownFileType = image.png; path = "外观模式.png"; sourceTree = "<group>"; };
		B1B39D4922BB399800C039B4 /* 简单工厂模式.png */ = {isa = PBXFileReference; lastKnownFileType = image.png; path = "简单工厂模式.png"; sourceTree = "<group>"; };
		B1B39D4B22BB399800C039B4 /* 单列模式.png */ = {isa = PBXFileReference; lastKnownFileType = image.png; path = "单列模式.png"; sourceTree = "<group>"; };
		B1B39D4D22BB399800C039B4 /* 桥接模式.png */ = {isa = PBXFileReference; lastKnownFileType = image.png; path = "桥接模式.png"; sourceTree = "<group>"; };
		B1B39D4F22BB399900C039B4 /* 原型模式.png */ = {isa = PBXFileReference; lastKnownFileType = image.png; path = "原型模式.png"; sourceTree = "<group>"; };
		B1B39D5122BB399900C039B4 /* 适配器模式.png */ = {isa = PBXFileReference; lastKnownFileType = image.png; path = "适配器模式.png"; sourceTree = "<group>"; };
		DB920A0522D2404A00A83EBB /* DP03ViewController.h */ = {isa = PBXFileReference; lastKnownFileType = sourcecode.c.h; path = DP03ViewController.h; sourceTree = "<group>"; };
		DB920A0622D2404A00A83EBB /* DP03ViewController.m */ = {isa = PBXFileReference; lastKnownFileType = sourcecode.c.objc; path = DP03ViewController.m; sourceTree = "<group>"; };
		DB920A0822D2488F00A83EBB /* DP03Component.h */ = {isa = PBXFileReference; lastKnownFileType = sourcecode.c.h; path = DP03Component.h; sourceTree = "<group>"; };
		DB920A0922D2488F00A83EBB /* DP03Component.m */ = {isa = PBXFileReference; lastKnownFileType = sourcecode.c.objc; path = DP03Component.m; sourceTree = "<group>"; };
		DB920A0B22D248AC00A83EBB /* DP03ConcreteComponent.h */ = {isa = PBXFileReference; lastKnownFileType = sourcecode.c.h; path = DP03ConcreteComponent.h; sourceTree = "<group>"; };
		DB920A0C22D248AC00A83EBB /* DP03ConcreteComponent.m */ = {isa = PBXFileReference; lastKnownFileType = sourcecode.c.objc; path = DP03ConcreteComponent.m; sourceTree = "<group>"; };
		DB920A0E22D248C100A83EBB /* DP03Decorator.h */ = {isa = PBXFileReference; lastKnownFileType = sourcecode.c.h; path = DP03Decorator.h; sourceTree = "<group>"; };
		DB920A0F22D248C100A83EBB /* DP03Decorator.m */ = {isa = PBXFileReference; lastKnownFileType = sourcecode.c.objc; path = DP03Decorator.m; sourceTree = "<group>"; };
		DB920A1122D248DF00A83EBB /* DP03ConcreteDecorator.h */ = {isa = PBXFileReference; lastKnownFileType = sourcecode.c.h; path = DP03ConcreteDecorator.h; sourceTree = "<group>"; };
		DB920A1222D248DF00A83EBB /* DP03ConcreteDecorator.m */ = {isa = PBXFileReference; lastKnownFileType = sourcecode.c.objc; path = DP03ConcreteDecorator.m; sourceTree = "<group>"; };
		DB920A1422D2490900A83EBB /* DP03ConcreteDecoratorB.h */ = {isa = PBXFileReference; lastKnownFileType = sourcecode.c.h; path = DP03ConcreteDecoratorB.h; sourceTree = "<group>"; };
		DB920A1522D2490900A83EBB /* DP03ConcreteDecoratorB.m */ = {isa = PBXFileReference; lastKnownFileType = sourcecode.c.objc; path = DP03ConcreteDecoratorB.m; sourceTree = "<group>"; };
		DB920A1B22D24C9D00A83EBB /* DP03Person.h */ = {isa = PBXFileReference; lastKnownFileType = sourcecode.c.h; path = DP03Person.h; sourceTree = "<group>"; };
		DB920A1C22D24C9D00A83EBB /* DP03Person.m */ = {isa = PBXFileReference; lastKnownFileType = sourcecode.c.objc; path = DP03Person.m; sourceTree = "<group>"; };
		DB920A1E22D24D0700A83EBB /* DP03PersonDecorator.h */ = {isa = PBXFileReference; lastKnownFileType = sourcecode.c.h; path = DP03PersonDecorator.h; sourceTree = "<group>"; };
		DB920A1F22D24D0700A83EBB /* DP03PersonDecorator.m */ = {isa = PBXFileReference; lastKnownFileType = sourcecode.c.objc; path = DP03PersonDecorator.m; sourceTree = "<group>"; };
		DB920A2122D24D3E00A83EBB /* DP03Tshirts.h */ = {isa = PBXFileReference; lastKnownFileType = sourcecode.c.h; path = DP03Tshirts.h; sourceTree = "<group>"; };
		DB920A2222D24D3E00A83EBB /* DP03Tshirts.m */ = {isa = PBXFileReference; lastKnownFileType = sourcecode.c.objc; path = DP03Tshirts.m; sourceTree = "<group>"; };
		DB920A2422D24D5000A83EBB /* DP03BigTrouser.h */ = {isa = PBXFileReference; lastKnownFileType = sourcecode.c.h; path = DP03BigTrouser.h; sourceTree = "<group>"; };
		DB920A2522D24D5000A83EBB /* DP03BigTrouser.m */ = {isa = PBXFileReference; lastKnownFileType = sourcecode.c.objc; path = DP03BigTrouser.m; sourceTree = "<group>"; };
		DB920A2722D24D6000A83EBB /* DP03Sneakers.h */ = {isa = PBXFileReference; lastKnownFileType = sourcecode.c.h; path = DP03Sneakers.h; sourceTree = "<group>"; };
		DB920A2822D24D6000A83EBB /* DP03Sneakers.m */ = {isa = PBXFileReference; lastKnownFileType = sourcecode.c.objc; path = DP03Sneakers.m; sourceTree = "<group>"; };
		DB920A2A22D24D7500A83EBB /* DP03LeatherShoes.h */ = {isa = PBXFileReference; lastKnownFileType = sourcecode.c.h; path = DP03LeatherShoes.h; sourceTree = "<group>"; };
		DB920A2B22D24D7500A83EBB /* DP03LeatherShoes.m */ = {isa = PBXFileReference; lastKnownFileType = sourcecode.c.objc; path = DP03LeatherShoes.m; sourceTree = "<group>"; };
		DBAA000022D037E60021148C /* DP02CashReturn.h */ = {isa = PBXFileReference; lastKnownFileType = sourcecode.c.h; path = DP02CashReturn.h; sourceTree = "<group>"; };
		DBAA000122D037E60021148C /* DP02CashReturn.m */ = {isa = PBXFileReference; lastKnownFileType = sourcecode.c.objc; path = DP02CashReturn.m; sourceTree = "<group>"; };
		DBAA000322D037F30021148C /* DP02CashRebate.h */ = {isa = PBXFileReference; lastKnownFileType = sourcecode.c.h; path = DP02CashRebate.h; sourceTree = "<group>"; };
		DBAA000422D037F30021148C /* DP02CashRebate.m */ = {isa = PBXFileReference; lastKnownFileType = sourcecode.c.objc; path = DP02CashRebate.m; sourceTree = "<group>"; };
		DBAA000622D037FD0021148C /* DP02CashNormal.h */ = {isa = PBXFileReference; lastKnownFileType = sourcecode.c.h; path = DP02CashNormal.h; sourceTree = "<group>"; };
		DBAA000722D037FD0021148C /* DP02CashNormal.m */ = {isa = PBXFileReference; lastKnownFileType = sourcecode.c.objc; path = DP02CashNormal.m; sourceTree = "<group>"; };
		DBAA000922D03BD40021148C /* DP02CashFactory.h */ = {isa = PBXFileReference; lastKnownFileType = sourcecode.c.h; path = DP02CashFactory.h; sourceTree = "<group>"; };
		DBAA000A22D03BD40021148C /* DP02CashFactory.m */ = {isa = PBXFileReference; lastKnownFileType = sourcecode.c.objc; path = DP02CashFactory.m; sourceTree = "<group>"; };
		DBAA000C22D04ADB0021148C /* DP02Context.h */ = {isa = PBXFileReference; lastKnownFileType = sourcecode.c.h; path = DP02Context.h; sourceTree = "<group>"; };
		DBAA000D22D04ADB0021148C /* DP02Context.m */ = {isa = PBXFileReference; lastKnownFileType = sourcecode.c.objc; path = DP02Context.m; sourceTree = "<group>"; };
		DBAAFFFF22D0379A0021148C /* DP02CashBase.h */ = {isa = PBXFileReference; lastKnownFileType = sourcecode.c.h; path = DP02CashBase.h; sourceTree = "<group>"; };
		ED71BBFF853A5EDDC746C0C0 /* libPods-DesignPatternsUITests.a */ = {isa = PBXFileReference; explicitFileType = archive.ar; includeInIndex = 0; path = "libPods-DesignPatternsUITests.a"; sourceTree = BUILT_PRODUCTS_DIR; };
		FE3534CFFDB70D2F2D673171 /* Pods-DesignPatternsUITests.release.xcconfig */ = {isa = PBXFileReference; includeInIndex = 1; lastKnownFileType = text.xcconfig; name = "Pods-DesignPatternsUITests.release.xcconfig"; path = "Pods/Target Support Files/Pods-DesignPatternsUITests/Pods-DesignPatternsUITests.release.xcconfig"; sourceTree = "<group>"; };
/* End PBXFileReference section */

/* Begin PBXFrameworksBuildPhase section */
		B1B39CEA22BB30C400C039B4 /* Frameworks */ = {
			isa = PBXFrameworksBuildPhase;
			buildActionMask = 2147483647;
			files = (
				C7DF74998A2F94388C7E6218 /* libPods-DesignPatterns.a in Frameworks */,
			);
			runOnlyForDeploymentPostprocessing = 0;
		};
		B1B39D0222BB30C600C039B4 /* Frameworks */ = {
			isa = PBXFrameworksBuildPhase;
			buildActionMask = 2147483647;
			files = (
				5F23D5669C0C7C5D12986158 /* libPods-DesignPatternsTests.a in Frameworks */,
			);
			runOnlyForDeploymentPostprocessing = 0;
		};
		B1B39D0D22BB30C600C039B4 /* Frameworks */ = {
			isa = PBXFrameworksBuildPhase;
			buildActionMask = 2147483647;
			files = (
				59C7790286B51F4207F12F6E /* libPods-DesignPatternsUITests.a in Frameworks */,
			);
			runOnlyForDeploymentPostprocessing = 0;
		};
/* End PBXFrameworksBuildPhase section */

/* Begin PBXGroup section */
		5D5BEFC6F1EE5237DFCBA9E0 /* Frameworks */ = {
			isa = PBXGroup;
			children = (
				9933B239670A536912F40CDC /* libPods-DesignPatterns.a */,
				A44032339CADF790D1367E67 /* libPods-DesignPatternsTests.a */,
				ED71BBFF853A5EDDC746C0C0 /* libPods-DesignPatternsUITests.a */,
			);
			name = Frameworks;
			sourceTree = "<group>";
		};
		B156DDEE22D9ACD40060F9EC /* LeiFeng */ = {
			isa = PBXGroup;
			children = (
				B156DDFA22D9C7730060F9EC /* LeiFengProtocol.h */,
				B156DDFB22D9C7D40060F9EC /* UnderGraduate.h */,
				B156DDFC22D9C7D40060F9EC /* UnderGraduate.m */,
				B156DDFE22D9C8C80060F9EC /* Valunteer.h */,
				B156DDFF22D9C8C80060F9EC /* Valunteer.m */,
				B156DE0A22D9C9930060F9EC /* LeiFengFactoryProtocol.h */,
				B156DE0422D9C93D0060F9EC /* UnderGraduateFactory.h */,
				B156DE0522D9C93D0060F9EC /* UnderGraduateFactory.m */,
				B156DE0722D9C94F0060F9EC /* ValunteerFactory.h */,
				B156DE0822D9C94F0060F9EC /* ValunteerFactory.m */,
			);
			path = LeiFeng;
			sourceTree = "<group>";
		};
		B1B39CE422BB30C400C039B4 = {
			isa = PBXGroup;
			children = (
				B1B39CEF22BB30C400C039B4 /* DesignPatterns */,
				B1B39D0822BB30C600C039B4 /* DesignPatternsTests */,
				B1B39D1322BB30C600C039B4 /* DesignPatternsUITests */,
				B1B39CEE22BB30C400C039B4 /* Products */,
				E3737E9243D25DD2400138CF /* Pods */,
				5D5BEFC6F1EE5237DFCBA9E0 /* Frameworks */,
			);
			sourceTree = "<group>";
		};
		B1B39CEE22BB30C400C039B4 /* Products */ = {
			isa = PBXGroup;
			children = (
				B1B39CED22BB30C400C039B4 /* DesignPatterns.app */,
				B1B39D0522BB30C600C039B4 /* DesignPatternsTests.xctest */,
				B1B39D1022BB30C600C039B4 /* DesignPatternsUITests.xctest */,
			);
			name = Products;
			sourceTree = "<group>";
		};
		B1B39CEF22BB30C400C039B4 /* DesignPatterns */ = {
			isa = PBXGroup;
			children = (
				B1B39D4822BB399800C039B4 /* DP01简单工厂 */,
				B1B39D2E22BB399800C039B4 /* DP02策略 */,
				B1B39D2422BB399700C039B4 /* DP03装饰 */,
				B1B39D2622BB399700C039B4 /* DP04代理 */,
				B1B39D3222BB399800C039B4 /* DP05工厂 */,
				B1B39D4422BB399800C039B4 /* DP06模板 */,
				B1B39D4622BB399800C039B4 /* DP07外观 */,
				B1B39D3022BB399800C039B4 /* DP08建造者 */,
				B1B39D3422BB399800C039B4 /* DP09观察者 */,
				B1B39D2222BB399700C039B4 /* DP10抽象工厂 */,
				B1B39D2C22BB399800C039B4 /* DP11状态 */,
				B1B39D5022BB399900C039B4 /* DP12适配器 */,
				B1B39D3622BB399800C039B4 /* DP13备忘录 */,
				B1B39D3A22BB399800C039B4 /* DP14组合 */,
				B1B39D2822BB399700C039B4 /* DP15迭代器 */,
				B1B39D4A22BB399800C039B4 /* DP16单例 */,
				B1B39D4C22BB399800C039B4 /* DP17桥接 */,
				B1B39D2A22BB399800C039B4 /* DP18命令 */,
				B1B39D3822BB399800C039B4 /* DP19职责链 */,
				B1B39D3C22BB399800C039B4 /* DP20中介者 */,
				B1B39D4022BB399800C039B4 /* DP21享元 */,
				B1B39D3E22BB399800C039B4 /* DP22解释器 */,
				B1B39D4222BB399800C039B4 /* DP23访问者 */,
				B1B39D4E22BB399900C039B4 /* DP24原型 */,
				B1B39CF022BB30C400C039B4 /* AppDelegate.h */,
				B1B39CF122BB30C400C039B4 /* AppDelegate.m */,
				B156DD8722CC5C430060F9EC /* DPBaseViewController.h */,
				B156DD8822CC5C430060F9EC /* DPBaseViewController.m */,
				B1B39CF322BB30C400C039B4 /* ViewController.h */,
				B1B39CF422BB30C400C039B4 /* ViewController.m */,
				B156DD8422CC5A630060F9EC /* DPVCManager.h */,
				B156DD8522CC5A630060F9EC /* DPVCManager.m */,
				B156DD7B22CC53280060F9EC /* DPViewCell.h */,
				B156DD7C22CC53280060F9EC /* DPViewCell.m */,
				B156DD7E22CC533E0060F9EC /* DPModel.h */,
				B156DD7F22CC533E0060F9EC /* DPModel.m */,
				B156DDA422CDCBE10060F9EC /* DPConst.h */,
				B156DDA522CDCBE10060F9EC /* DPConst.m */,
				B1B39CF622BB30C400C039B4 /* Main.storyboard */,
				B1B39CF922BB30C600C039B4 /* Assets.xcassets */,
				B1B39CFB22BB30C600C039B4 /* LaunchScreen.storyboard */,
				B1B39CFE22BB30C600C039B4 /* Info.plist */,
				B1B39CFF22BB30C600C039B4 /* main.m */,
				B156DD7A22CC50AB0060F9EC /* DesignPattern.pch */,
			);
			path = DesignPatterns;
			sourceTree = "<group>";
		};
		B1B39D0822BB30C600C039B4 /* DesignPatternsTests */ = {
			isa = PBXGroup;
			children = (
				B1B39D0922BB30C600C039B4 /* DesignPatternsTests.m */,
				B1B39D0B22BB30C600C039B4 /* Info.plist */,
			);
			path = DesignPatternsTests;
			sourceTree = "<group>";
		};
		B1B39D1322BB30C600C039B4 /* DesignPatternsUITests */ = {
			isa = PBXGroup;
			children = (
				B1B39D1422BB30C600C039B4 /* DesignPatternsUITests.m */,
				B1B39D1622BB30C600C039B4 /* Info.plist */,
			);
			path = DesignPatternsUITests;
			sourceTree = "<group>";
		};
		B1B39D2222BB399700C039B4 /* DP10抽象工厂 */ = {
			isa = PBXGroup;
			children = (
				B1B39D2322BB399700C039B4 /* 抽象工厂模式.png */,
			);
			path = "DP10抽象工厂";
			sourceTree = "<group>";
		};
		B1B39D2422BB399700C039B4 /* DP03装饰 */ = {
			isa = PBXGroup;
			children = (
				DB920A1722D24C6F00A83EBB /* DP03Person */,
				B1B39D2522BB399700C039B4 /* 装饰模式.jpg */,
				DB920A0522D2404A00A83EBB /* DP03ViewController.h */,
				DB920A0622D2404A00A83EBB /* DP03ViewController.m */,
				DB920A0822D2488F00A83EBB /* DP03Component.h */,
				DB920A0922D2488F00A83EBB /* DP03Component.m */,
				DB920A0B22D248AC00A83EBB /* DP03ConcreteComponent.h */,
				DB920A0C22D248AC00A83EBB /* DP03ConcreteComponent.m */,
				DB920A0E22D248C100A83EBB /* DP03Decorator.h */,
				DB920A0F22D248C100A83EBB /* DP03Decorator.m */,
				DB920A1122D248DF00A83EBB /* DP03ConcreteDecorator.h */,
				DB920A1222D248DF00A83EBB /* DP03ConcreteDecorator.m */,
				DB920A1422D2490900A83EBB /* DP03ConcreteDecoratorB.h */,
				DB920A1522D2490900A83EBB /* DP03ConcreteDecoratorB.m */,
			);
			path = "DP03装饰";
			sourceTree = "<group>";
		};
		B1B39D2622BB399700C039B4 /* DP04代理 */ = {
			isa = PBXGroup;
			children = (
				B1B39D2722BB399700C039B4 /* 代理模式.png */,
				B156DDBA22D597A20060F9EC /* DP04ViewController.h */,
				B156DDBB22D597A20060F9EC /* DP04ViewController.m */,
				B156DDBD22D5B52B0060F9EC /* DP04Proxy.h */,
				B156DDBE22D5B52B0060F9EC /* DP04Proxy.m */,
				B156DDC022D5B53B0060F9EC /* DP04Girl.h */,
				B156DDC122D5B53B0060F9EC /* DP04Girl.m */,
				B156DDC322D5B58D0060F9EC /* DP04Pursuit.h */,
				B156DDC422D5B58D0060F9EC /* DP04Pursuit.m */,
				B156DDC622D5B5D80060F9EC /* DP04Base.h */,
			);
			path = "DP04代理";
			sourceTree = "<group>";
		};
		B1B39D2822BB399700C039B4 /* DP15迭代器 */ = {
			isa = PBXGroup;
			children = (
				B1B39D2922BB399700C039B4 /* 迭代器模式.png */,
			);
			path = "DP15迭代器";
			sourceTree = "<group>";
		};
		B1B39D2A22BB399800C039B4 /* DP18命令 */ = {
			isa = PBXGroup;
			children = (
				B1B39D2B22BB399800C039B4 /* 命令模式.png */,
			);
			path = "DP18命令";
			sourceTree = "<group>";
		};
		B1B39D2C22BB399800C039B4 /* DP11状态 */ = {
			isa = PBXGroup;
			children = (
				B1B39D2D22BB399800C039B4 /* 状态模式.png */,
			);
			path = "DP11状态";
			sourceTree = "<group>";
		};
		B1B39D2E22BB399800C039B4 /* DP02策略 */ = {
			isa = PBXGroup;
			children = (
				B1B39D2F22BB399800C039B4 /* 策略模式.png */,
				B156DDA022CDA7B30060F9EC /* DP02ViewController.h */,
				B156DDA122CDA7B30060F9EC /* DP02ViewController.m */,
				DBAAFFFF22D0379A0021148C /* DP02CashBase.h */,
				DBAA000022D037E60021148C /* DP02CashReturn.h */,
				DBAA000122D037E60021148C /* DP02CashReturn.m */,
				DBAA000322D037F30021148C /* DP02CashRebate.h */,
				DBAA000422D037F30021148C /* DP02CashRebate.m */,
				DBAA000622D037FD0021148C /* DP02CashNormal.h */,
				DBAA000722D037FD0021148C /* DP02CashNormal.m */,
				DBAA000922D03BD40021148C /* DP02CashFactory.h */,
				DBAA000A22D03BD40021148C /* DP02CashFactory.m */,
				DBAA000C22D04ADB0021148C /* DP02Context.h */,
				DBAA000D22D04ADB0021148C /* DP02Context.m */,
			);
			path = "DP02策略";
			sourceTree = "<group>";
		};
		B1B39D3022BB399800C039B4 /* DP08建造者 */ = {
			isa = PBXGroup;
			children = (
				B1B39D3122BB399800C039B4 /* 建造者模式.png */,
			);
			path = "DP08建造者";
			sourceTree = "<group>";
		};
		B1B39D3222BB399800C039B4 /* DP05工厂 */ = {
			isa = PBXGroup;
			children = (
				B156DDEE22D9ACD40060F9EC /* LeiFeng */,
				B1B39D3322BB399800C039B4 /* 工厂方法模式.png */,
				B156DDCA22D8C0D10060F9EC /* DP05ViewController.h */,
				B156DDCB22D8C0D10060F9EC /* DP05ViewController.m */,
				B156DDCE22D8C1460060F9EC /* DP05OperationBase.h */,
				B156DDD222D8C1820060F9EC /* DP05OperationAdd.h */,
				B156DDD322D8C1820060F9EC /* DP05OperationAdd.m */,
				B156DDD522D8C1890060F9EC /* DP05OperationSub.h */,
				B156DDD622D8C1890060F9EC /* DP05OperationSub.m */,
				B156DDD822D8C1930060F9EC /* DP05OperationMul.h */,
				B156DDD922D8C1930060F9EC /* DP05OperationMul.m */,
				B156DDDB22D8C19B0060F9EC /* DP05OperationDiv.h */,
				B156DDDC22D8C19B0060F9EC /* DP05OperationDiv.m */,
				B156DDE122D8C1D70060F9EC /* DP05OperationFactoryBase.h */,
				B156DDE222D8C2040060F9EC /* DP05OperatonAddFactory.h */,
				B156DDE322D8C2040060F9EC /* DP05OperatonAddFactory.m */,
				B156DDE522D8C20E0060F9EC /* DP05OperatonSubFactory.h */,
				B156DDE622D8C20E0060F9EC /* DP05OperatonSubFactory.m */,
				B156DDE822D8C2180060F9EC /* DP05OperatonMulFactory.h */,
				B156DDE922D8C2180060F9EC /* DP05OperatonMulFactory.m */,
				B156DDEB22D8C2310060F9EC /* DP05OperatonDivFactory.h */,
				B156DDEC22D8C2310060F9EC /* DP05OperatonDivFactory.m */,
			);
			path = "DP05工厂";
			sourceTree = "<group>";
		};
		B1B39D3422BB399800C039B4 /* DP09观察者 */ = {
			isa = PBXGroup;
			children = (
				B1B39D3522BB399800C039B4 /* 观察者模式.png */,
			);
			path = "DP09观察者";
			sourceTree = "<group>";
		};
		B1B39D3622BB399800C039B4 /* DP13备忘录 */ = {
			isa = PBXGroup;
			children = (
				B1B39D3722BB399800C039B4 /* 备忘录模式.png */,
			);
			path = "DP13备忘录";
			sourceTree = "<group>";
		};
		B1B39D3822BB399800C039B4 /* DP19职责链 */ = {
			isa = PBXGroup;
			children = (
				B1B39D3922BB399800C039B4 /* 责任链模式.png */,
			);
			path = "DP19职责链";
			sourceTree = "<group>";
		};
		B1B39D3A22BB399800C039B4 /* DP14组合 */ = {
			isa = PBXGroup;
			children = (
				B1B39D3B22BB399800C039B4 /* 组合模式.png */,
			);
			path = "DP14组合";
			sourceTree = "<group>";
		};
		B1B39D3C22BB399800C039B4 /* DP20中介者 */ = {
			isa = PBXGroup;
			children = (
				B1B39D3D22BB399800C039B4 /* 中介者模式.png */,
			);
			path = "DP20中介者";
			sourceTree = "<group>";
		};
		B1B39D3E22BB399800C039B4 /* DP22解释器 */ = {
			isa = PBXGroup;
			children = (
				B1B39D3F22BB399800C039B4 /* 解释器模式.png */,
			);
			path = "DP22解释器";
			sourceTree = "<group>";
		};
		B1B39D4022BB399800C039B4 /* DP21享元 */ = {
			isa = PBXGroup;
			children = (
				B1B39D4122BB399800C039B4 /* 享元模式.png */,
			);
			path = "DP21享元";
			sourceTree = "<group>";
		};
		B1B39D4222BB399800C039B4 /* DP23访问者 */ = {
			isa = PBXGroup;
			children = (
				B1B39D4322BB399800C039B4 /* 访问者模式.png */,
			);
			path = "DP23访问者";
			sourceTree = "<group>";
		};
		B1B39D4422BB399800C039B4 /* DP06模板 */ = {
			isa = PBXGroup;
			children = (
				B1B39D4522BB399800C039B4 /* 模板方法模式.png */,
			);
			path = "DP06模板";
			sourceTree = "<group>";
		};
		B1B39D4622BB399800C039B4 /* DP07外观 */ = {
			isa = PBXGroup;
			children = (
				B1B39D4722BB399800C039B4 /* 外观模式.png */,
			);
			path = "DP07外观";
			sourceTree = "<group>";
		};
		B1B39D4822BB399800C039B4 /* DP01简单工厂 */ = {
			isa = PBXGroup;
			children = (
				B1B39D4922BB399800C039B4 /* 简单工厂模式.png */,
				B156DD8122CC5A3D0060F9EC /* DP01ViewController.h */,
				B156DD8222CC5A3D0060F9EC /* DP01ViewController.m */,
				B156DD8D22CC8FFD0060F9EC /* DP01Factory.h */,
				B156DD8E22CC8FFD0060F9EC /* DP01Factory.m */,
				B156DD9022CC90410060F9EC /* DP01Caculate.h */,
				B156DD9122CC90660060F9EC /* DP01Add.h */,
				B156DD9222CC90660060F9EC /* DP01Add.m */,
				B156DD9422CC90700060F9EC /* DP01Minus.h */,
				B156DD9522CC90700060F9EC /* DP01Minus.m */,
				B156DD9722CC90820060F9EC /* DP01Multiply.h */,
				B156DD9822CC90820060F9EC /* DP01Multiply.m */,
				B156DD9A22CC90920060F9EC /* DP01Divide.h */,
				B156DD9B22CC90920060F9EC /* DP01Divide.m */,
				B156DD9D22CC90D50060F9EC /* DP01Tool.h */,
				B156DD9E22CC90D50060F9EC /* DP01Tool.m */,
			);
			path = "DP01简单工厂";
			sourceTree = "<group>";
		};
		B1B39D4A22BB399800C039B4 /* DP16单例 */ = {
			isa = PBXGroup;
			children = (
				B1B39D4B22BB399800C039B4 /* 单列模式.png */,
			);
			path = "DP16单例";
			sourceTree = "<group>";
		};
		B1B39D4C22BB399800C039B4 /* DP17桥接 */ = {
			isa = PBXGroup;
			children = (
				B1B39D4D22BB399800C039B4 /* 桥接模式.png */,
			);
			path = "DP17桥接";
			sourceTree = "<group>";
		};
		B1B39D4E22BB399900C039B4 /* DP24原型 */ = {
			isa = PBXGroup;
			children = (
				B1B39D4F22BB399900C039B4 /* 原型模式.png */,
				B156DDEF22D9BC040060F9EC /* DP24ViewController.h */,
				B156DDF022D9BC040060F9EC /* DP24ViewController.m */,
				B156DDF222D9BC390060F9EC /* Mark.h */,
				B156DDF322D9BD7F0060F9EC /* Dot.h */,
				B156DDF422D9BD7F0060F9EC /* Dot.m */,
				B156DDF622D9BD920060F9EC /* Verter.h */,
				B156DDF722D9BD920060F9EC /* Verter.m */,
			);
			path = "DP24原型";
			sourceTree = "<group>";
		};
		B1B39D5022BB399900C039B4 /* DP12适配器 */ = {
			isa = PBXGroup;
			children = (
				B1B39D5122BB399900C039B4 /* 适配器模式.png */,
			);
			path = "DP12适配器";
			sourceTree = "<group>";
		};
		DB920A1722D24C6F00A83EBB /* DP03Person */ = {
			isa = PBXGroup;
			children = (
				DB920A1B22D24C9D00A83EBB /* DP03Person.h */,
				DB920A1C22D24C9D00A83EBB /* DP03Person.m */,
				DB920A1E22D24D0700A83EBB /* DP03PersonDecorator.h */,
				DB920A1F22D24D0700A83EBB /* DP03PersonDecorator.m */,
				DB920A2122D24D3E00A83EBB /* DP03Tshirts.h */,
				DB920A2222D24D3E00A83EBB /* DP03Tshirts.m */,
				DB920A2422D24D5000A83EBB /* DP03BigTrouser.h */,
				DB920A2522D24D5000A83EBB /* DP03BigTrouser.m */,
				DB920A2722D24D6000A83EBB /* DP03Sneakers.h */,
				DB920A2822D24D6000A83EBB /* DP03Sneakers.m */,
				DB920A2A22D24D7500A83EBB /* DP03LeatherShoes.h */,
				DB920A2B22D24D7500A83EBB /* DP03LeatherShoes.m */,
			);
			path = DP03Person;
			sourceTree = "<group>";
		};
		E3737E9243D25DD2400138CF /* Pods */ = {
			isa = PBXGroup;
			children = (
				94CDD78310C5466E02C4F935 /* Pods-DesignPatterns.debug.xcconfig */,
				3AC213EA338CCA55EE2CB078 /* Pods-DesignPatterns.release.xcconfig */,
				A809694171CBFC8CFE2BD0C6 /* Pods-DesignPatternsTests.debug.xcconfig */,
				A787EBC1BE7A592B4479355A /* Pods-DesignPatternsTests.release.xcconfig */,
				157C16F349906C59FECE3499 /* Pods-DesignPatternsUITests.debug.xcconfig */,
				FE3534CFFDB70D2F2D673171 /* Pods-DesignPatternsUITests.release.xcconfig */,
			);
			name = Pods;
			sourceTree = "<group>";
		};
/* End PBXGroup section */

/* Begin PBXNativeTarget section */
		B1B39CEC22BB30C400C039B4 /* DesignPatterns */ = {
			isa = PBXNativeTarget;
			buildConfigurationList = B1B39D1922BB30C600C039B4 /* Build configuration list for PBXNativeTarget "DesignPatterns" */;
			buildPhases = (
				9D5AA890CA15A324701C9F5A /* [CP] Check Pods Manifest.lock */,
				B1B39CE922BB30C400C039B4 /* Sources */,
				B1B39CEA22BB30C400C039B4 /* Frameworks */,
				B1B39CEB22BB30C400C039B4 /* Resources */,
			);
			buildRules = (
			);
			dependencies = (
			);
			name = DesignPatterns;
			productName = DesignPatterns;
			productReference = B1B39CED22BB30C400C039B4 /* DesignPatterns.app */;
			productType = "com.apple.product-type.application";
		};
		B1B39D0422BB30C600C039B4 /* DesignPatternsTests */ = {
			isa = PBXNativeTarget;
			buildConfigurationList = B1B39D1C22BB30C600C039B4 /* Build configuration list for PBXNativeTarget "DesignPatternsTests" */;
			buildPhases = (
				4D9F8336D049F1CDCB862E1D /* [CP] Check Pods Manifest.lock */,
				B1B39D0122BB30C600C039B4 /* Sources */,
				B1B39D0222BB30C600C039B4 /* Frameworks */,
				B1B39D0322BB30C600C039B4 /* Resources */,
			);
			buildRules = (
			);
			dependencies = (
				B1B39D0722BB30C600C039B4 /* PBXTargetDependency */,
			);
			name = DesignPatternsTests;
			productName = DesignPatternsTests;
			productReference = B1B39D0522BB30C600C039B4 /* DesignPatternsTests.xctest */;
			productType = "com.apple.product-type.bundle.unit-test";
		};
		B1B39D0F22BB30C600C039B4 /* DesignPatternsUITests */ = {
			isa = PBXNativeTarget;
			buildConfigurationList = B1B39D1F22BB30C600C039B4 /* Build configuration list for PBXNativeTarget "DesignPatternsUITests" */;
			buildPhases = (
				6AAEAB1411A8BD36F232FE0F /* [CP] Check Pods Manifest.lock */,
				B1B39D0C22BB30C600C039B4 /* Sources */,
				B1B39D0D22BB30C600C039B4 /* Frameworks */,
				B1B39D0E22BB30C600C039B4 /* Resources */,
			);
			buildRules = (
			);
			dependencies = (
				B1B39D1222BB30C600C039B4 /* PBXTargetDependency */,
			);
			name = DesignPatternsUITests;
			productName = DesignPatternsUITests;
			productReference = B1B39D1022BB30C600C039B4 /* DesignPatternsUITests.xctest */;
			productType = "com.apple.product-type.bundle.ui-testing";
		};
/* End PBXNativeTarget section */

/* Begin PBXProject section */
		B1B39CE522BB30C400C039B4 /* Project object */ = {
			isa = PBXProject;
			attributes = {
				LastUpgradeCheck = 1020;
				ORGANIZATIONNAME = "小李";
				TargetAttributes = {
					B1B39CEC22BB30C400C039B4 = {
						CreatedOnToolsVersion = 10.2.1;
					};
					B1B39D0422BB30C600C039B4 = {
						CreatedOnToolsVersion = 10.2.1;
						TestTargetID = B1B39CEC22BB30C400C039B4;
					};
					B1B39D0F22BB30C600C039B4 = {
						CreatedOnToolsVersion = 10.2.1;
						TestTargetID = B1B39CEC22BB30C400C039B4;
					};
				};
			};
			buildConfigurationList = B1B39CE822BB30C400C039B4 /* Build configuration list for PBXProject "DesignPatterns" */;
			compatibilityVersion = "Xcode 9.3";
			developmentRegion = en;
			hasScannedForEncodings = 0;
			knownRegions = (
				en,
				Base,
			);
			mainGroup = B1B39CE422BB30C400C039B4;
			productRefGroup = B1B39CEE22BB30C400C039B4 /* Products */;
			projectDirPath = "";
			projectRoot = "";
			targets = (
				B1B39CEC22BB30C400C039B4 /* DesignPatterns */,
				B1B39D0422BB30C600C039B4 /* DesignPatternsTests */,
				B1B39D0F22BB30C600C039B4 /* DesignPatternsUITests */,
			);
		};
/* End PBXProject section */

/* Begin PBXResourcesBuildPhase section */
		B1B39CEB22BB30C400C039B4 /* Resources */ = {
			isa = PBXResourcesBuildPhase;
			buildActionMask = 2147483647;
			files = (
				B1B39D6322BB399900C039B4 /* 模板方法模式.png in Resources */,
				B1B39D6822BB399900C039B4 /* 原型模式.png in Resources */,
				B1B39D5922BB399900C039B4 /* 建造者模式.png in Resources */,
				B1B39D5522BB399900C039B4 /* 迭代器模式.png in Resources */,
				B1B39D6722BB399900C039B4 /* 桥接模式.png in Resources */,
				B1B39D5422BB399900C039B4 /* 代理模式.png in Resources */,
				B1B39D5822BB399900C039B4 /* 策略模式.png in Resources */,
				B1B39D5722BB399900C039B4 /* 状态模式.png in Resources */,
				B1B39CFD22BB30C600C039B4 /* LaunchScreen.storyboard in Resources */,
				B1B39D6622BB399900C039B4 /* 单列模式.png in Resources */,
				B1B39D6422BB399900C039B4 /* 外观模式.png in Resources */,
				B1B39D5B22BB399900C039B4 /* 观察者模式.png in Resources */,
				B1B39D6022BB399900C039B4 /* 解释器模式.png in Resources */,
				B1B39D5F22BB399900C039B4 /* 中介者模式.png in Resources */,
				B1B39D5E22BB399900C039B4 /* 组合模式.png in Resources */,
				B1B39CFA22BB30C600C039B4 /* Assets.xcassets in Resources */,
				B1B39D5622BB399900C039B4 /* 命令模式.png in Resources */,
				B1B39D5222BB399900C039B4 /* 抽象工厂模式.png in Resources */,
				B1B39D5D22BB399900C039B4 /* 责任链模式.png in Resources */,
				B1B39CF822BB30C400C039B4 /* Main.storyboard in Resources */,
				B1B39D5A22BB399900C039B4 /* 工厂方法模式.png in Resources */,
				B1B39D6122BB399900C039B4 /* 享元模式.png in Resources */,
				B1B39D5C22BB399900C039B4 /* 备忘录模式.png in Resources */,
				B1B39D6522BB399900C039B4 /* 简单工厂模式.png in Resources */,
				B1B39D6222BB399900C039B4 /* 访问者模式.png in Resources */,
				B1B39D6922BB399900C039B4 /* 适配器模式.png in Resources */,
				B1B39D5322BB399900C039B4 /* 装饰模式.jpg in Resources */,
			);
			runOnlyForDeploymentPostprocessing = 0;
		};
		B1B39D0322BB30C600C039B4 /* Resources */ = {
			isa = PBXResourcesBuildPhase;
			buildActionMask = 2147483647;
			files = (
			);
			runOnlyForDeploymentPostprocessing = 0;
		};
		B1B39D0E22BB30C600C039B4 /* Resources */ = {
			isa = PBXResourcesBuildPhase;
			buildActionMask = 2147483647;
			files = (
			);
			runOnlyForDeploymentPostprocessing = 0;
		};
/* End PBXResourcesBuildPhase section */

/* Begin PBXShellScriptBuildPhase section */
		4D9F8336D049F1CDCB862E1D /* [CP] Check Pods Manifest.lock */ = {
			isa = PBXShellScriptBuildPhase;
			buildActionMask = 2147483647;
			files = (
			);
			inputFileListPaths = (
			);
			inputPaths = (
				"${PODS_PODFILE_DIR_PATH}/Podfile.lock",
				"${PODS_ROOT}/Manifest.lock",
			);
			name = "[CP] Check Pods Manifest.lock";
			outputFileListPaths = (
			);
			outputPaths = (
				"$(DERIVED_FILE_DIR)/Pods-DesignPatternsTests-checkManifestLockResult.txt",
			);
			runOnlyForDeploymentPostprocessing = 0;
			shellPath = /bin/sh;
			shellScript = "diff \"${PODS_PODFILE_DIR_PATH}/Podfile.lock\" \"${PODS_ROOT}/Manifest.lock\" > /dev/null\nif [ $? != 0 ] ; then\n    # print error to STDERR\n    echo \"error: The sandbox is not in sync with the Podfile.lock. Run 'pod install' or update your CocoaPods installation.\" >&2\n    exit 1\nfi\n# This output is used by Xcode 'outputs' to avoid re-running this script phase.\necho \"SUCCESS\" > \"${SCRIPT_OUTPUT_FILE_0}\"\n";
			showEnvVarsInLog = 0;
		};
		6AAEAB1411A8BD36F232FE0F /* [CP] Check Pods Manifest.lock */ = {
			isa = PBXShellScriptBuildPhase;
			buildActionMask = 2147483647;
			files = (
			);
			inputFileListPaths = (
			);
			inputPaths = (
				"${PODS_PODFILE_DIR_PATH}/Podfile.lock",
				"${PODS_ROOT}/Manifest.lock",
			);
			name = "[CP] Check Pods Manifest.lock";
			outputFileListPaths = (
			);
			outputPaths = (
				"$(DERIVED_FILE_DIR)/Pods-DesignPatternsUITests-checkManifestLockResult.txt",
			);
			runOnlyForDeploymentPostprocessing = 0;
			shellPath = /bin/sh;
			shellScript = "diff \"${PODS_PODFILE_DIR_PATH}/Podfile.lock\" \"${PODS_ROOT}/Manifest.lock\" > /dev/null\nif [ $? != 0 ] ; then\n    # print error to STDERR\n    echo \"error: The sandbox is not in sync with the Podfile.lock. Run 'pod install' or update your CocoaPods installation.\" >&2\n    exit 1\nfi\n# This output is used by Xcode 'outputs' to avoid re-running this script phase.\necho \"SUCCESS\" > \"${SCRIPT_OUTPUT_FILE_0}\"\n";
			showEnvVarsInLog = 0;
		};
		9D5AA890CA15A324701C9F5A /* [CP] Check Pods Manifest.lock */ = {
			isa = PBXShellScriptBuildPhase;
			buildActionMask = 2147483647;
			files = (
			);
			inputFileListPaths = (
			);
			inputPaths = (
				"${PODS_PODFILE_DIR_PATH}/Podfile.lock",
				"${PODS_ROOT}/Manifest.lock",
			);
			name = "[CP] Check Pods Manifest.lock";
			outputFileListPaths = (
			);
			outputPaths = (
				"$(DERIVED_FILE_DIR)/Pods-DesignPatterns-checkManifestLockResult.txt",
			);
			runOnlyForDeploymentPostprocessing = 0;
			shellPath = /bin/sh;
			shellScript = "diff \"${PODS_PODFILE_DIR_PATH}/Podfile.lock\" \"${PODS_ROOT}/Manifest.lock\" > /dev/null\nif [ $? != 0 ] ; then\n    # print error to STDERR\n    echo \"error: The sandbox is not in sync with the Podfile.lock. Run 'pod install' or update your CocoaPods installation.\" >&2\n    exit 1\nfi\n# This output is used by Xcode 'outputs' to avoid re-running this script phase.\necho \"SUCCESS\" > \"${SCRIPT_OUTPUT_FILE_0}\"\n";
			showEnvVarsInLog = 0;
		};
/* End PBXShellScriptBuildPhase section */

/* Begin PBXSourcesBuildPhase section */
		B1B39CE922BB30C400C039B4 /* Sources */ = {
			isa = PBXSourcesBuildPhase;
			buildActionMask = 2147483647;
			files = (
				DB920A2C22D24D7500A83EBB /* DP03LeatherShoes.m in Sources */,
				B156DDE422D8C2040060F9EC /* DP05OperatonAddFactory.m in Sources */,
				B156DDA222CDA7B30060F9EC /* DP02ViewController.m in Sources */,
				B156DDDA22D8C1930060F9EC /* DP05OperationMul.m in Sources */,
				DBAA000522D037F30021148C /* DP02CashRebate.m in Sources */,
				B156DD9622CC90700060F9EC /* DP01Minus.m in Sources */,
				B1B39CF522BB30C400C039B4 /* ViewController.m in Sources */,
				DB920A1022D248C100A83EBB /* DP03Decorator.m in Sources */,
				DB920A2022D24D0700A83EBB /* DP03PersonDecorator.m in Sources */,
				B156DDC222D5B53B0060F9EC /* DP04Girl.m in Sources */,
				DB920A2322D24D3E00A83EBB /* DP03Tshirts.m in Sources */,
				B156DD9F22CC90D50060F9EC /* DP01Tool.m in Sources */,
				B156DD9C22CC90920060F9EC /* DP01Divide.m in Sources */,
				B156DD8F22CC8FFD0060F9EC /* DP01Factory.m in Sources */,
				B156DDF822D9BD920060F9EC /* Verter.m in Sources */,
				DBAA000E22D04ADB0021148C /* DP02Context.m in Sources */,
				B156DDF122D9BC040060F9EC /* DP24ViewController.m in Sources */,
				DB920A1322D248DF00A83EBB /* DP03ConcreteDecorator.m in Sources */,
				DB920A1622D2490900A83EBB /* DP03ConcreteDecoratorB.m in Sources */,
				B156DE0922D9C94F0060F9EC /* ValunteerFactory.m in Sources */,
				B156DD8022CC533E0060F9EC /* DPModel.m in Sources */,
				DBAA000822D037FD0021148C /* DP02CashNormal.m in Sources */,
				B156DDDD22D8C19B0060F9EC /* DP05OperationDiv.m in Sources */,
				B156DDD722D8C1890060F9EC /* DP05OperationSub.m in Sources */,
				B156DE0022D9C8C80060F9EC /* Valunteer.m in Sources */,
				B1B39D0022BB30C600C039B4 /* main.m in Sources */,
				B156DDEA22D8C2180060F9EC /* DP05OperatonMulFactory.m in Sources */,
				B156DD8622CC5A630060F9EC /* DPVCManager.m in Sources */,
				B156DD8322CC5A3D0060F9EC /* DP01ViewController.m in Sources */,
				B156DDED22D8C2310060F9EC /* DP05OperatonDivFactory.m in Sources */,
				DB920A0722D2404A00A83EBB /* DP03ViewController.m in Sources */,
				DB920A2622D24D5000A83EBB /* DP03BigTrouser.m in Sources */,
				DB920A1D22D24C9D00A83EBB /* DP03Person.m in Sources */,
				B156DDE722D8C20E0060F9EC /* DP05OperatonSubFactory.m in Sources */,
				B156DD9322CC90660060F9EC /* DP01Add.m in Sources */,
				DB920A0D22D248AC00A83EBB /* DP03ConcreteComponent.m in Sources */,
				B156DDCC22D8C0D10060F9EC /* DP05ViewController.m in Sources */,
				B156DDC522D5B58D0060F9EC /* DP04Pursuit.m in Sources */,
				DBAA000B22D03BD40021148C /* DP02CashFactory.m in Sources */,
				B156DDD422D8C1820060F9EC /* DP05OperationAdd.m in Sources */,
				B156DD7D22CC53280060F9EC /* DPViewCell.m in Sources */,
				B156DE0622D9C93D0060F9EC /* UnderGraduateFactory.m in Sources */,
				B1B39CF222BB30C400C039B4 /* AppDelegate.m in Sources */,
				B156DDF522D9BD7F0060F9EC /* Dot.m in Sources */,
				B156DDFD22D9C7D40060F9EC /* UnderGraduate.m in Sources */,
				B156DD9922CC90820060F9EC /* DP01Multiply.m in Sources */,
				DBAA000222D037E60021148C /* DP02CashReturn.m in Sources */,
				DB920A2922D24D6000A83EBB /* DP03Sneakers.m in Sources */,
				B156DDBC22D597A20060F9EC /* DP04ViewController.m in Sources */,
				B156DD8922CC5C430060F9EC /* DPBaseViewController.m in Sources */,
				B156DDBF22D5B52B0060F9EC /* DP04Proxy.m in Sources */,
				B156DDA622CDCBE10060F9EC /* DPConst.m in Sources */,
				DB920A0A22D2488F00A83EBB /* DP03Component.m in Sources */,
			);
			runOnlyForDeploymentPostprocessing = 0;
		};
		B1B39D0122BB30C600C039B4 /* Sources */ = {
			isa = PBXSourcesBuildPhase;
			buildActionMask = 2147483647;
			files = (
				B1B39D0A22BB30C600C039B4 /* DesignPatternsTests.m in Sources */,
			);
			runOnlyForDeploymentPostprocessing = 0;
		};
		B1B39D0C22BB30C600C039B4 /* Sources */ = {
			isa = PBXSourcesBuildPhase;
			buildActionMask = 2147483647;
			files = (
				B1B39D1522BB30C600C039B4 /* DesignPatternsUITests.m in Sources */,
			);
			runOnlyForDeploymentPostprocessing = 0;
		};
/* End PBXSourcesBuildPhase section */

/* Begin PBXTargetDependency section */
		B1B39D0722BB30C600C039B4 /* PBXTargetDependency */ = {
			isa = PBXTargetDependency;
			target = B1B39CEC22BB30C400C039B4 /* DesignPatterns */;
			targetProxy = B1B39D0622BB30C600C039B4 /* PBXContainerItemProxy */;
		};
		B1B39D1222BB30C600C039B4 /* PBXTargetDependency */ = {
			isa = PBXTargetDependency;
			target = B1B39CEC22BB30C400C039B4 /* DesignPatterns */;
			targetProxy = B1B39D1122BB30C600C039B4 /* PBXContainerItemProxy */;
		};
/* End PBXTargetDependency section */

/* Begin PBXVariantGroup section */
		B1B39CF622BB30C400C039B4 /* Main.storyboard */ = {
			isa = PBXVariantGroup;
			children = (
				B1B39CF722BB30C400C039B4 /* Base */,
			);
			name = Main.storyboard;
			sourceTree = "<group>";
		};
		B1B39CFB22BB30C600C039B4 /* LaunchScreen.storyboard */ = {
			isa = PBXVariantGroup;
			children = (
				B1B39CFC22BB30C600C039B4 /* Base */,
			);
			name = LaunchScreen.storyboard;
			sourceTree = "<group>";
		};
/* End PBXVariantGroup section */

/* Begin XCBuildConfiguration section */
		B1B39D1722BB30C600C039B4 /* Debug */ = {
			isa = XCBuildConfiguration;
			buildSettings = {
				ALWAYS_SEARCH_USER_PATHS = NO;
				CLANG_ANALYZER_NONNULL = YES;
				CLANG_ANALYZER_NUMBER_OBJECT_CONVERSION = YES_AGGRESSIVE;
				CLANG_CXX_LANGUAGE_STANDARD = "gnu++14";
				CLANG_CXX_LIBRARY = "libc++";
				CLANG_ENABLE_MODULES = YES;
				CLANG_ENABLE_OBJC_ARC = YES;
				CLANG_ENABLE_OBJC_WEAK = YES;
				CLANG_WARN_BLOCK_CAPTURE_AUTORELEASING = YES;
				CLANG_WARN_BOOL_CONVERSION = YES;
				CLANG_WARN_COMMA = YES;
				CLANG_WARN_CONSTANT_CONVERSION = YES;
				CLANG_WARN_DEPRECATED_OBJC_IMPLEMENTATIONS = YES;
				CLANG_WARN_DIRECT_OBJC_ISA_USAGE = YES_ERROR;
				CLANG_WARN_DOCUMENTATION_COMMENTS = YES;
				CLANG_WARN_EMPTY_BODY = YES;
				CLANG_WARN_ENUM_CONVERSION = YES;
				CLANG_WARN_INFINITE_RECURSION = YES;
				CLANG_WARN_INT_CONVERSION = YES;
				CLANG_WARN_NON_LITERAL_NULL_CONVERSION = YES;
				CLANG_WARN_OBJC_IMPLICIT_RETAIN_SELF = YES;
				CLANG_WARN_OBJC_LITERAL_CONVERSION = YES;
				CLANG_WARN_OBJC_ROOT_CLASS = YES_ERROR;
				CLANG_WARN_RANGE_LOOP_ANALYSIS = YES;
				CLANG_WARN_STRICT_PROTOTYPES = YES;
				CLANG_WARN_SUSPICIOUS_MOVE = YES;
				CLANG_WARN_UNGUARDED_AVAILABILITY = YES_AGGRESSIVE;
				CLANG_WARN_UNREACHABLE_CODE = YES;
				CLANG_WARN__DUPLICATE_METHOD_MATCH = YES;
				CODE_SIGN_IDENTITY = "iPhone Developer";
				COPY_PHASE_STRIP = NO;
				DEBUG_INFORMATION_FORMAT = dwarf;
				ENABLE_STRICT_OBJC_MSGSEND = YES;
				ENABLE_TESTABILITY = YES;
				GCC_C_LANGUAGE_STANDARD = gnu11;
				GCC_DYNAMIC_NO_PIC = NO;
				GCC_NO_COMMON_BLOCKS = YES;
				GCC_OPTIMIZATION_LEVEL = 0;
				GCC_PREPROCESSOR_DEFINITIONS = (
					"DEBUG=1",
					"$(inherited)",
				);
				GCC_WARN_64_TO_32_BIT_CONVERSION = YES;
				GCC_WARN_ABOUT_RETURN_TYPE = YES_ERROR;
				GCC_WARN_UNDECLARED_SELECTOR = YES;
				GCC_WARN_UNINITIALIZED_AUTOS = YES_AGGRESSIVE;
				GCC_WARN_UNUSED_FUNCTION = YES;
				GCC_WARN_UNUSED_VARIABLE = YES;
				IPHONEOS_DEPLOYMENT_TARGET = 11.0;
				MTL_ENABLE_DEBUG_INFO = INCLUDE_SOURCE;
				MTL_FAST_MATH = YES;
				ONLY_ACTIVE_ARCH = YES;
				SDKROOT = iphoneos;
			};
			name = Debug;
		};
		B1B39D1822BB30C600C039B4 /* Release */ = {
			isa = XCBuildConfiguration;
			buildSettings = {
				ALWAYS_SEARCH_USER_PATHS = NO;
				CLANG_ANALYZER_NONNULL = YES;
				CLANG_ANALYZER_NUMBER_OBJECT_CONVERSION = YES_AGGRESSIVE;
				CLANG_CXX_LANGUAGE_STANDARD = "gnu++14";
				CLANG_CXX_LIBRARY = "libc++";
				CLANG_ENABLE_MODULES = YES;
				CLANG_ENABLE_OBJC_ARC = YES;
				CLANG_ENABLE_OBJC_WEAK = YES;
				CLANG_WARN_BLOCK_CAPTURE_AUTORELEASING = YES;
				CLANG_WARN_BOOL_CONVERSION = YES;
				CLANG_WARN_COMMA = YES;
				CLANG_WARN_CONSTANT_CONVERSION = YES;
				CLANG_WARN_DEPRECATED_OBJC_IMPLEMENTATIONS = YES;
				CLANG_WARN_DIRECT_OBJC_ISA_USAGE = YES_ERROR;
				CLANG_WARN_DOCUMENTATION_COMMENTS = YES;
				CLANG_WARN_EMPTY_BODY = YES;
				CLANG_WARN_ENUM_CONVERSION = YES;
				CLANG_WARN_INFINITE_RECURSION = YES;
				CLANG_WARN_INT_CONVERSION = YES;
				CLANG_WARN_NON_LITERAL_NULL_CONVERSION = YES;
				CLANG_WARN_OBJC_IMPLICIT_RETAIN_SELF = YES;
				CLANG_WARN_OBJC_LITERAL_CONVERSION = YES;
				CLANG_WARN_OBJC_ROOT_CLASS = YES_ERROR;
				CLANG_WARN_RANGE_LOOP_ANALYSIS = YES;
				CLANG_WARN_STRICT_PROTOTYPES = YES;
				CLANG_WARN_SUSPICIOUS_MOVE = YES;
				CLANG_WARN_UNGUARDED_AVAILABILITY = YES_AGGRESSIVE;
				CLANG_WARN_UNREACHABLE_CODE = YES;
				CLANG_WARN__DUPLICATE_METHOD_MATCH = YES;
				CODE_SIGN_IDENTITY = "iPhone Developer";
				COPY_PHASE_STRIP = NO;
				DEBUG_INFORMATION_FORMAT = "dwarf-with-dsym";
				ENABLE_NS_ASSERTIONS = NO;
				ENABLE_STRICT_OBJC_MSGSEND = YES;
				GCC_C_LANGUAGE_STANDARD = gnu11;
				GCC_NO_COMMON_BLOCKS = YES;
				GCC_WARN_64_TO_32_BIT_CONVERSION = YES;
				GCC_WARN_ABOUT_RETURN_TYPE = YES_ERROR;
				GCC_WARN_UNDECLARED_SELECTOR = YES;
				GCC_WARN_UNINITIALIZED_AUTOS = YES_AGGRESSIVE;
				GCC_WARN_UNUSED_FUNCTION = YES;
				GCC_WARN_UNUSED_VARIABLE = YES;
				IPHONEOS_DEPLOYMENT_TARGET = 11.0;
				MTL_ENABLE_DEBUG_INFO = NO;
				MTL_FAST_MATH = YES;
				SDKROOT = iphoneos;
				VALIDATE_PRODUCT = YES;
			};
			name = Release;
		};
		B1B39D1A22BB30C600C039B4 /* Debug */ = {
			isa = XCBuildConfiguration;
			baseConfigurationReference = 94CDD78310C5466E02C4F935 /* Pods-DesignPatterns.debug.xcconfig */;
			buildSettings = {
				ASSETCATALOG_COMPILER_APPICON_NAME = AppIcon;
				CODE_SIGN_STYLE = Automatic;
				GCC_PREFIX_HEADER = "$(SRCROOT)/DesignPatterns/DesignPattern.pch";
				INFOPLIST_FILE = DesignPatterns/Info.plist;
				LD_RUNPATH_SEARCH_PATHS = (
					"$(inherited)",
					"@executable_path/Frameworks",
				);
				PRODUCT_BUNDLE_IDENTIFIER = aa.DesignPatterns;
				PRODUCT_NAME = "$(TARGET_NAME)";
				TARGETED_DEVICE_FAMILY = "1,2";
			};
			name = Debug;
		};
		B1B39D1B22BB30C600C039B4 /* Release */ = {
			isa = XCBuildConfiguration;
			baseConfigurationReference = 3AC213EA338CCA55EE2CB078 /* Pods-DesignPatterns.release.xcconfig */;
			buildSettings = {
				ASSETCATALOG_COMPILER_APPICON_NAME = AppIcon;
				CODE_SIGN_STYLE = Automatic;
				GCC_PREFIX_HEADER = "$(SRCROOT)/DesignPatterns/DesignPattern.pch";
				INFOPLIST_FILE = DesignPatterns/Info.plist;
				LD_RUNPATH_SEARCH_PATHS = (
					"$(inherited)",
					"@executable_path/Frameworks",
				);
				PRODUCT_BUNDLE_IDENTIFIER = aa.DesignPatterns;
				PRODUCT_NAME = "$(TARGET_NAME)";
				TARGETED_DEVICE_FAMILY = "1,2";
			};
			name = Release;
		};
		B1B39D1D22BB30C600C039B4 /* Debug */ = {
			isa = XCBuildConfiguration;
			baseConfigurationReference = A809694171CBFC8CFE2BD0C6 /* Pods-DesignPatternsTests.debug.xcconfig */;
			buildSettings = {
				BUNDLE_LOADER = "$(TEST_HOST)";
				CODE_SIGN_STYLE = Automatic;
				INFOPLIST_FILE = DesignPatternsTests/Info.plist;
				LD_RUNPATH_SEARCH_PATHS = (
					"$(inherited)",
					"@executable_path/Frameworks",
					"@loader_path/Frameworks",
				);
				PRODUCT_BUNDLE_IDENTIFIER = aa.DesignPatternsTests;
				PRODUCT_NAME = "$(TARGET_NAME)";
				TARGETED_DEVICE_FAMILY = "1,2";
				TEST_HOST = "$(BUILT_PRODUCTS_DIR)/DesignPatterns.app/DesignPatterns";
			};
			name = Debug;
		};
		B1B39D1E22BB30C600C039B4 /* Release */ = {
			isa = XCBuildConfiguration;
			baseConfigurationReference = A787EBC1BE7A592B4479355A /* Pods-DesignPatternsTests.release.xcconfig */;
			buildSettings = {
				BUNDLE_LOADER = "$(TEST_HOST)";
				CODE_SIGN_STYLE = Automatic;
				INFOPLIST_FILE = DesignPatternsTests/Info.plist;
				LD_RUNPATH_SEARCH_PATHS = (
					"$(inherited)",
					"@executable_path/Frameworks",
					"@loader_path/Frameworks",
				);
				PRODUCT_BUNDLE_IDENTIFIER = aa.DesignPatternsTests;
				PRODUCT_NAME = "$(TARGET_NAME)";
				TARGETED_DEVICE_FAMILY = "1,2";
				TEST_HOST = "$(BUILT_PRODUCTS_DIR)/DesignPatterns.app/DesignPatterns";
			};
			name = Release;
		};
		B1B39D2022BB30C600C039B4 /* Debug */ = {
			isa = XCBuildConfiguration;
			baseConfigurationReference = 157C16F349906C59FECE3499 /* Pods-DesignPatternsUITests.debug.xcconfig */;
			buildSettings = {
				CODE_SIGN_STYLE = Automatic;
				INFOPLIST_FILE = DesignPatternsUITests/Info.plist;
				LD_RUNPATH_SEARCH_PATHS = (
					"$(inherited)",
					"@executable_path/Frameworks",
					"@loader_path/Frameworks",
				);
				PRODUCT_BUNDLE_IDENTIFIER = aa.DesignPatternsUITests;
				PRODUCT_NAME = "$(TARGET_NAME)";
				TARGETED_DEVICE_FAMILY = "1,2";
				TEST_TARGET_NAME = DesignPatterns;
			};
			name = Debug;
		};
		B1B39D2122BB30C600C039B4 /* Release */ = {
			isa = XCBuildConfiguration;
			baseConfigurationReference = FE3534CFFDB70D2F2D673171 /* Pods-DesignPatternsUITests.release.xcconfig */;
			buildSettings = {
				CODE_SIGN_STYLE = Automatic;
				INFOPLIST_FILE = DesignPatternsUITests/Info.plist;
				LD_RUNPATH_SEARCH_PATHS = (
					"$(inherited)",
					"@executable_path/Frameworks",
					"@loader_path/Frameworks",
				);
				PRODUCT_BUNDLE_IDENTIFIER = aa.DesignPatternsUITests;
				PRODUCT_NAME = "$(TARGET_NAME)";
				TARGETED_DEVICE_FAMILY = "1,2";
				TEST_TARGET_NAME = DesignPatterns;
			};
			name = Release;
		};
/* End XCBuildConfiguration section */

/* Begin XCConfigurationList section */
		B1B39CE822BB30C400C039B4 /* Build configuration list for PBXProject "DesignPatterns" */ = {
			isa = XCConfigurationList;
			buildConfigurations = (
				B1B39D1722BB30C600C039B4 /* Debug */,
				B1B39D1822BB30C600C039B4 /* Release */,
			);
			defaultConfigurationIsVisible = 0;
			defaultConfigurationName = Release;
		};
		B1B39D1922BB30C600C039B4 /* Build configuration list for PBXNativeTarget "DesignPatterns" */ = {
			isa = XCConfigurationList;
			buildConfigurations = (
				B1B39D1A22BB30C600C039B4 /* Debug */,
				B1B39D1B22BB30C600C039B4 /* Release */,
			);
			defaultConfigurationIsVisible = 0;
			defaultConfigurationName = Release;
		};
		B1B39D1C22BB30C600C039B4 /* Build configuration list for PBXNativeTarget "DesignPatternsTests" */ = {
			isa = XCConfigurationList;
			buildConfigurations = (
				B1B39D1D22BB30C600C039B4 /* Debug */,
				B1B39D1E22BB30C600C039B4 /* Release */,
			);
			defaultConfigurationIsVisible = 0;
			defaultConfigurationName = Release;
		};
		B1B39D1F22BB30C600C039B4 /* Build configuration list for PBXNativeTarget "DesignPatternsUITests" */ = {
			isa = XCConfigurationList;
			buildConfigurations = (
				B1B39D2022BB30C600C039B4 /* Debug */,
				B1B39D2122BB30C600C039B4 /* Release */,
			);
			defaultConfigurationIsVisible = 0;
			defaultConfigurationName = Release;
		};
/* End XCConfigurationList section */
	};
	rootObject = B1B39CE522BB30C400C039B4 /* Project object */;
}
